// !$*UTF8*$!
{
	archiveVersion = 1;
	classes = {
	};
	objectVersion = 46;
	objects = {

/* Begin PBXAggregateTarget section */
		350F19561A08AE1500C2FF3B /* GamaAD_Builder */ = {
			isa = PBXAggregateTarget;
			buildConfigurationList = 350F19571A08AE1500C2FF3B /* Build configuration list for PBXAggregateTarget "GamaAD_Builder" */;
			buildPhases = (
				350F195A1A08AE1D00C2FF3B /* ShellScript */,
			);
			dependencies = (
			);
			name = GamaAD_Builder;
			productName = EfunLogin_Builder;
		};
/* End PBXAggregateTarget section */

/* Begin PBXBuildFile section */
		0075348E20862AF500D30F30 /* ViewController.m in Sources */ = {isa = PBXBuildFile; fileRef = 0075348020862AF400D30F30 /* ViewController.m */; };
		0075348F20862AF500D30F30 /* main.m in Sources */ = {isa = PBXBuildFile; fileRef = 0075348120862AF400D30F30 /* main.m */; };
		0075349020862AF500D30F30 /* GamaAdFunction+AppFlyerAD.m in Sources */ = {isa = PBXBuildFile; fileRef = 0075348520862AF400D30F30 /* GamaAdFunction+AppFlyerAD.m */; };
		0075349120862AF500D30F30 /* GamaAdFunction.m in Sources */ = {isa = PBXBuildFile; fileRef = 0075348820862AF400D30F30 /* GamaAdFunction.m */; };
		0075349220862AF500D30F30 /* GamaAdPort.m in Sources */ = {isa = PBXBuildFile; fileRef = 0075348920862AF400D30F30 /* GamaAdPort.m */; };
		0075349320862AF500D30F30 /* Images.xcassets in Resources */ = {isa = PBXBuildFile; fileRef = 0075348A20862AF400D30F30 /* Images.xcassets */; };
		0075349420862AF500D30F30 /* AppDelegate.m in Sources */ = {isa = PBXBuildFile; fileRef = 0075348B20862AF400D30F30 /* AppDelegate.m */; };
		0075349520862AF500D30F30 /* Info.plist in Resources */ = {isa = PBXBuildFile; fileRef = 0075348C20862AF400D30F30 /* Info.plist */; };
		007534A920862B8500D30F30 /* GamaSDK_CORE_20191227_164921.a in Frameworks */ = {isa = PBXBuildFile; fileRef = 0075349720862B8500D30F30 /* GamaSDK_CORE_20191227_164921.a */; };
		007534AB20862F7800D30F30 /* GamaAdPort.m in Sources */ = {isa = PBXBuildFile; fileRef = 0075348920862AF400D30F30 /* GamaAdPort.m */; };
		007534AC20862F7800D30F30 /* GamaAdFunction+AppFlyerAD.m in Sources */ = {isa = PBXBuildFile; fileRef = 0075348520862AF400D30F30 /* GamaAdFunction+AppFlyerAD.m */; };
		007534AD20862F7800D30F30 /* GamaAdFunction.m in Sources */ = {isa = PBXBuildFile; fileRef = 0075348820862AF400D30F30 /* GamaAdFunction.m */; };
		007534AE20862F8500D30F30 /* GamaAdPort.h in Copy Files */ = {isa = PBXBuildFile; fileRef = 0075348320862AF400D30F30 /* GamaAdPort.h */; };
		359DCDBB1BF440EB005E1E59 /* libxml2.tbd in Frameworks */ = {isa = PBXBuildFile; fileRef = 8426B9031BB17190005C986C /* libxml2.tbd */; };
		359DCDBC1BF440EB005E1E59 /* libsqlite3.0.tbd in Frameworks */ = {isa = PBXBuildFile; fileRef = 8426B9011BB17184005C986C /* libsqlite3.0.tbd */; };
		359DCDBD1BF440EB005E1E59 /* libc++.tbd in Frameworks */ = {isa = PBXBuildFile; fileRef = 8426B8FF1BB17178005C986C /* libc++.tbd */; };
		359DCDBE1BF440EB005E1E59 /* libz.tbd in Frameworks */ = {isa = PBXBuildFile; fileRef = 8426B8FD1BB1716F005C986C /* libz.tbd */; };
		359DCDBF1BF440EB005E1E59 /* iAd.framework in Frameworks */ = {isa = PBXBuildFile; fileRef = 2698202C1AAD6CDE00C97099 /* iAd.framework */; settings = {ATTRIBUTES = (Weak, ); }; };
		359DCDC01BF440EB005E1E59 /* UIKit.framework in Frameworks */ = {isa = PBXBuildFile; fileRef = 35A680071A0790D6007D5176 /* UIKit.framework */; };
		359DCDC11BF440EB005E1E59 /* AdSupport.framework in Frameworks */ = {isa = PBXBuildFile; fileRef = 35A680051A0790CC007D5176 /* AdSupport.framework */; settings = {ATTRIBUTES = (Weak, ); }; };
		359DCDC21BF440EB005E1E59 /* SystemConfiguration.framework in Frameworks */ = {isa = PBXBuildFile; fileRef = 35A680031A0790C9007D5176 /* SystemConfiguration.framework */; };
		359DCDC31BF440EB005E1E59 /* Security.framework in Frameworks */ = {isa = PBXBuildFile; fileRef = 35A680011A0790C5007D5176 /* Security.framework */; };
		359DCDC41BF440EB005E1E59 /* MobileCoreServices.framework in Frameworks */ = {isa = PBXBuildFile; fileRef = 847EC52E1A650DB400D9E5D2 /* MobileCoreServices.framework */; };
		359DCDC51BF440EB005E1E59 /* Social.framework in Frameworks */ = {isa = PBXBuildFile; fileRef = 847EC52C1A650D1800D9E5D2 /* Social.framework */; };
		359DCDC61BF440EB005E1E59 /* EventKitUI.framework in Frameworks */ = {isa = PBXBuildFile; fileRef = 847EC52A1A650CDD00D9E5D2 /* EventKitUI.framework */; };
		359DCDC71BF440EB005E1E59 /* MessageUI.framework in Frameworks */ = {isa = PBXBuildFile; fileRef = 847EC5281A650CC900D9E5D2 /* MessageUI.framework */; };
		359DCDC81BF440EB005E1E59 /* CoreTelephony.framework in Frameworks */ = {isa = PBXBuildFile; fileRef = 847EC5261A650CBE00D9E5D2 /* CoreTelephony.framework */; };
		359DCDC91BF440EB005E1E59 /* EventKit.framework in Frameworks */ = {isa = PBXBuildFile; fileRef = 847EC5241A650CA500D9E5D2 /* EventKit.framework */; };
		359DCDCA1BF440EB005E1E59 /* CoreMotion.framework in Frameworks */ = {isa = PBXBuildFile; fileRef = 847EC5221A650C8600D9E5D2 /* CoreMotion.framework */; };
		359DCDCB1BF440EB005E1E59 /* AVFoundation.framework in Frameworks */ = {isa = PBXBuildFile; fileRef = 847EC5201A650C6D00D9E5D2 /* AVFoundation.framework */; };
		359DCDCC1BF440EB005E1E59 /* CoreLocation.framework in Frameworks */ = {isa = PBXBuildFile; fileRef = 847EC51E1A650C6600D9E5D2 /* CoreLocation.framework */; };
		359DCDCE1BF440EB005E1E59 /* MediaPlayer.framework in Frameworks */ = {isa = PBXBuildFile; fileRef = 847EC5181A650C0B00D9E5D2 /* MediaPlayer.framework */; };
		359DCDCF1BF440EB005E1E59 /* CoreGraphics.framework in Frameworks */ = {isa = PBXBuildFile; fileRef = 847EC5161A650BF200D9E5D2 /* CoreGraphics.framework */; };
		359DCDD01BF440EB005E1E59 /* CFNetwork.framework in Frameworks */ = {isa = PBXBuildFile; fileRef = 847EC5141A650BD700D9E5D2 /* CFNetwork.framework */; };
		359DCDD11BF440EB005E1E59 /* AudioToolbox.framework in Frameworks */ = {isa = PBXBuildFile; fileRef = 847EC5121A650A7800D9E5D2 /* AudioToolbox.framework */; };
		DE21AE601E123AC400562FD7 /* JavaScriptCore.framework in Frameworks */ = {isa = PBXBuildFile; fileRef = DE21AE5F1E123AC400562FD7 /* JavaScriptCore.framework */; };
		E92B43562358712500D45BF9 /* AdjustSdk.framework in Frameworks */ = {isa = PBXBuildFile; fileRef = E9AD2426235482880079D158 /* AdjustSdk.framework */; };
		E940E77523507AF100922A19 /* GamaAdFunction+Adjust.m in Sources */ = {isa = PBXBuildFile; fileRef = E940E77423507AF100922A19 /* GamaAdFunction+Adjust.m */; };
		E940E77B23507B6800922A19 /* GamaAdFunction+Adjust.m in Sources */ = {isa = PBXBuildFile; fileRef = E940E77423507AF100922A19 /* GamaAdFunction+Adjust.m */; };
		E9A3503B20EE35F8001EDCE8 /* FirebaseAnalytics.framework in Frameworks */ = {isa = PBXBuildFile; fileRef = E9A3503420EE35F7001EDCE8 /* FirebaseAnalytics.framework */; };
		E9A3503C20EE35F8001EDCE8 /* FirebaseCore.framework in Frameworks */ = {isa = PBXBuildFile; fileRef = E9A3503520EE35F7001EDCE8 /* FirebaseCore.framework */; };
		E9A3503D20EE35F8001EDCE8 /* FirebaseCoreDiagnostics.framework in Frameworks */ = {isa = PBXBuildFile; fileRef = E9A3503620EE35F7001EDCE8 /* FirebaseCoreDiagnostics.framework */; };
		E9A3503E20EE35F8001EDCE8 /* FirebaseInstanceID.framework in Frameworks */ = {isa = PBXBuildFile; fileRef = E9A3503720EE35F7001EDCE8 /* FirebaseInstanceID.framework */; };
		E9A3503F20EE35F8001EDCE8 /* FirebaseNanoPB.framework in Frameworks */ = {isa = PBXBuildFile; fileRef = E9A3503820EE35F7001EDCE8 /* FirebaseNanoPB.framework */; };
		E9A3504020EE35F8001EDCE8 /* GoogleToolboxForMac.framework in Frameworks */ = {isa = PBXBuildFile; fileRef = E9A3503920EE35F7001EDCE8 /* GoogleToolboxForMac.framework */; };
		E9A3504120EE35F8001EDCE8 /* nanopb.framework in Frameworks */ = {isa = PBXBuildFile; fileRef = E9A3503A20EE35F7001EDCE8 /* nanopb.framework */; };
		E9A3504720EE36A2001EDCE8 /* GamaAdFunction+FirebaseAD.m in Sources */ = {isa = PBXBuildFile; fileRef = E9A3504620EE36A2001EDCE8 /* GamaAdFunction+FirebaseAD.m */; };
		E9A3504D20EE49C2001EDCE8 /* Protobuf.framework in Frameworks */ = {isa = PBXBuildFile; fileRef = E9A3504C20EE49C1001EDCE8 /* Protobuf.framework */; };
		E9A3506620EE4B06001EDCE8 /* AddressBook.framework in Frameworks */ = {isa = PBXBuildFile; fileRef = E9A3506520EE4B06001EDCE8 /* AddressBook.framework */; };
		E9A3506720EE4B80001EDCE8 /* StoreKit.framework in Frameworks */ = {isa = PBXBuildFile; fileRef = 847EC51C1A650C3200D9E5D2 /* StoreKit.framework */; };
		E9A3506F20EE4D13001EDCE8 /* libAppsFlyerLib.a in Frameworks */ = {isa = PBXBuildFile; fileRef = E9A3506E20EE4D12001EDCE8 /* libAppsFlyerLib.a */; };
		E9DF1BF8211854B300B0C591 /* GamaAdFunction+FirebaseAD.m in Sources */ = {isa = PBXBuildFile; fileRef = E9A3504620EE36A2001EDCE8 /* GamaAdFunction+FirebaseAD.m */; };
/* End PBXBuildFile section */

/* Begin PBXCopyFilesBuildPhase section */
		350F19401A08ABD800C2FF3B /* Copy Files */ = {
			isa = PBXCopyFilesBuildPhase;
			buildActionMask = 2147483647;
			dstPath = "include/$(PRODUCT_NAME)";
			dstSubfolderSpec = 16;
			files = (
				007534AE20862F8500D30F30 /* GamaAdPort.h in Copy Files */,
			);
			name = "Copy Files";
			runOnlyForDeploymentPostprocessing = 0;
		};
		DE21AE741E12897200562FD7 /* Embed Frameworks */ = {
			isa = PBXCopyFilesBuildPhase;
			buildActionMask = 2147483647;
			dstPath = "";
			dstSubfolderSpec = 10;
			files = (
			);
			name = "Embed Frameworks";
			runOnlyForDeploymentPostprocessing = 0;
		};
/* End PBXCopyFilesBuildPhase section */

/* Begin PBXFileReference section */
		0075347F20862AF400D30F30 /* AppDelegate.h */ = {isa = PBXFileReference; fileEncoding = 4; lastKnownFileType = sourcecode.c.h; path = AppDelegate.h; sourceTree = "<group>"; };
		0075348020862AF400D30F30 /* ViewController.m */ = {isa = PBXFileReference; fileEncoding = 4; lastKnownFileType = sourcecode.c.objc; path = ViewController.m; sourceTree = "<group>"; };
		0075348120862AF400D30F30 /* main.m */ = {isa = PBXFileReference; fileEncoding = 4; lastKnownFileType = sourcecode.c.objc; path = main.m; sourceTree = "<group>"; };
		0075348320862AF400D30F30 /* GamaAdPort.h */ = {isa = PBXFileReference; fileEncoding = 4; lastKnownFileType = sourcecode.c.h; path = GamaAdPort.h; sourceTree = "<group>"; };
		0075348520862AF400D30F30 /* GamaAdFunction+AppFlyerAD.m */ = {isa = PBXFileReference; fileEncoding = 4; lastKnownFileType = sourcecode.c.objc; path = "GamaAdFunction+AppFlyerAD.m"; sourceTree = "<group>"; };
		0075348620862AF400D30F30 /* GamaAdFunction.h */ = {isa = PBXFileReference; fileEncoding = 4; lastKnownFileType = sourcecode.c.h; path = GamaAdFunction.h; sourceTree = "<group>"; };
		0075348720862AF400D30F30 /* GamaAdInfo.h */ = {isa = PBXFileReference; fileEncoding = 4; lastKnownFileType = sourcecode.c.h; path = GamaAdInfo.h; sourceTree = "<group>"; };
		0075348820862AF400D30F30 /* GamaAdFunction.m */ = {isa = PBXFileReference; fileEncoding = 4; lastKnownFileType = sourcecode.c.objc; path = GamaAdFunction.m; sourceTree = "<group>"; };
		0075348920862AF400D30F30 /* GamaAdPort.m */ = {isa = PBXFileReference; fileEncoding = 4; lastKnownFileType = sourcecode.c.objc; path = GamaAdPort.m; sourceTree = "<group>"; };
		0075348A20862AF400D30F30 /* Images.xcassets */ = {isa = PBXFileReference; lastKnownFileType = folder.assetcatalog; path = Images.xcassets; sourceTree = "<group>"; };
		0075348B20862AF400D30F30 /* AppDelegate.m */ = {isa = PBXFileReference; fileEncoding = 4; lastKnownFileType = sourcecode.c.objc; path = AppDelegate.m; sourceTree = "<group>"; };
		0075348C20862AF400D30F30 /* Info.plist */ = {isa = PBXFileReference; fileEncoding = 4; lastKnownFileType = text.plist.xml; path = Info.plist; sourceTree = "<group>"; };
		0075348D20862AF400D30F30 /* ViewController.h */ = {isa = PBXFileReference; fileEncoding = 4; lastKnownFileType = sourcecode.c.h; path = ViewController.h; sourceTree = "<group>"; };
		0075349720862B8500D30F30 /* GamaSDK_CORE_20191227_164921.a */ = {isa = PBXFileReference; lastKnownFileType = archive.ar; path = GamaSDK_CORE_20191227_164921.a; sourceTree = "<group>"; };
		0075349A20862B8500D30F30 /* GamaRequestor.h */ = {isa = PBXFileReference; fileEncoding = 4; lastKnownFileType = sourcecode.c.h; path = GamaRequestor.h; sourceTree = "<group>"; };
		0075349B20862B8500D30F30 /* GamaUserInfoModel.h */ = {isa = PBXFileReference; fileEncoding = 4; lastKnownFileType = sourcecode.c.h; path = GamaUserInfoModel.h; sourceTree = "<group>"; };
		0075349C20862B8500D30F30 /* GamaAlertView.h */ = {isa = PBXFileReference; fileEncoding = 4; lastKnownFileType = sourcecode.c.h; path = GamaAlertView.h; sourceTree = "<group>"; };
		0075349D20862B8500D30F30 /* NSString+GamaSStringAddition.h */ = {isa = PBXFileReference; fileEncoding = 4; lastKnownFileType = sourcecode.c.h; path = "NSString+GamaSStringAddition.h"; sourceTree = "<group>"; };
		0075349E20862B8500D30F30 /* GamaCentreInfo.h */ = {isa = PBXFileReference; fileEncoding = 4; lastKnownFileType = sourcecode.c.h; path = GamaCentreInfo.h; sourceTree = "<group>"; };
		0075349F20862B8500D30F30 /* GamaCfUUID.h */ = {isa = PBXFileReference; fileEncoding = 4; lastKnownFileType = sourcecode.c.h; path = GamaCfUUID.h; sourceTree = "<group>"; };
		007534A020862B8500D30F30 /* GamaFunction.h */ = {isa = PBXFileReference; fileEncoding = 4; lastKnownFileType = sourcecode.c.h; path = GamaFunction.h; sourceTree = "<group>"; };
		007534A120862B8500D30F30 /* UIImage+GamaBundleImage.h */ = {isa = PBXFileReference; fileEncoding = 4; lastKnownFileType = sourcecode.c.h; path = "UIImage+GamaBundleImage.h"; sourceTree = "<group>"; };
		007534A220862B8500D30F30 /* NSString+GamaURLEncoding.h */ = {isa = PBXFileReference; fileEncoding = 4; lastKnownFileType = sourcecode.c.h; path = "NSString+GamaURLEncoding.h"; sourceTree = "<group>"; };
		007534A320862B8500D30F30 /* GamaAlertViewDelegate.h */ = {isa = PBXFileReference; fileEncoding = 4; lastKnownFileType = sourcecode.c.h; path = GamaAlertViewDelegate.h; sourceTree = "<group>"; };
		007534A420862B8500D30F30 /* GamaURLConnect.h */ = {isa = PBXFileReference; fileEncoding = 4; lastKnownFileType = sourcecode.c.h; path = GamaURLConnect.h; sourceTree = "<group>"; };
		007534A520862B8500D30F30 /* GamaSecurityFunction.h */ = {isa = PBXFileReference; fileEncoding = 4; lastKnownFileType = sourcecode.c.h; path = GamaSecurityFunction.h; sourceTree = "<group>"; };
		007534A620862B8500D30F30 /* GamaPrivateKeychainCfUUID.h */ = {isa = PBXFileReference; fileEncoding = 4; lastKnownFileType = sourcecode.c.h; path = GamaPrivateKeychainCfUUID.h; sourceTree = "<group>"; };
		007534A720862B8500D30F30 /* GamaSecurity.h */ = {isa = PBXFileReference; fileEncoding = 4; lastKnownFileType = sourcecode.c.h; path = GamaSecurity.h; sourceTree = "<group>"; };
		007534A820862B8500D30F30 /* GamaCoreConfReader.h */ = {isa = PBXFileReference; fileEncoding = 4; lastKnownFileType = sourcecode.c.h; path = GamaCoreConfReader.h; sourceTree = "<group>"; };
		007534AA20862B8F00D30F30 /* GamaCommonHeader.h */ = {isa = PBXFileReference; lastKnownFileType = sourcecode.c.h; name = GamaCommonHeader.h; path = ../../../WorkProjResources/GamaCommonHeader.h; sourceTree = "<group>"; };
		2698202C1AAD6CDE00C97099 /* iAd.framework */ = {isa = PBXFileReference; lastKnownFileType = wrapper.framework; name = iAd.framework; path = System/Library/Frameworks/iAd.framework; sourceTree = SDKROOT; };
		32C19D8925206F6900E5417D /* xcode12-solution.xcconfig */ = {isa = PBXFileReference; lastKnownFileType = text.xcconfig; name = "xcode12-solution.xcconfig"; path = "../../GamaSDK_iOS_Integration/xcode12-solution.xcconfig"; sourceTree = "<group>"; };
		350F19421A08ABD800C2FF3B /* libGamaAD_DotA.a */ = {isa = PBXFileReference; explicitFileType = archive.ar; includeInIndex = 0; path = libGamaAD_DotA.a; sourceTree = BUILT_PRODUCTS_DIR; };
		35A67F8A1A07884E007D5176 /* GamaAD.app */ = {isa = PBXFileReference; explicitFileType = wrapper.application; includeInIndex = 0; path = GamaAD.app; sourceTree = BUILT_PRODUCTS_DIR; };
		35A680011A0790C5007D5176 /* Security.framework */ = {isa = PBXFileReference; lastKnownFileType = wrapper.framework; name = Security.framework; path = System/Library/Frameworks/Security.framework; sourceTree = SDKROOT; };
		35A680031A0790C9007D5176 /* SystemConfiguration.framework */ = {isa = PBXFileReference; lastKnownFileType = wrapper.framework; name = SystemConfiguration.framework; path = System/Library/Frameworks/SystemConfiguration.framework; sourceTree = SDKROOT; };
		35A680051A0790CC007D5176 /* AdSupport.framework */ = {isa = PBXFileReference; lastKnownFileType = wrapper.framework; name = AdSupport.framework; path = System/Library/Frameworks/AdSupport.framework; sourceTree = SDKROOT; };
		35A680071A0790D6007D5176 /* UIKit.framework */ = {isa = PBXFileReference; lastKnownFileType = wrapper.framework; name = UIKit.framework; path = System/Library/Frameworks/UIKit.framework; sourceTree = SDKROOT; };
		35D18EFF1A0CBBCC003FB046 /* BuildScript.sh */ = {isa = PBXFileReference; fileEncoding = 4; lastKnownFileType = text.script.sh; path = BuildScript.sh; sourceTree = "<group>"; };
		8426B8FD1BB1716F005C986C /* libz.tbd */ = {isa = PBXFileReference; lastKnownFileType = "sourcecode.text-based-dylib-definition"; name = libz.tbd; path = usr/lib/libz.tbd; sourceTree = SDKROOT; };
		8426B8FF1BB17178005C986C /* libc++.tbd */ = {isa = PBXFileReference; lastKnownFileType = "sourcecode.text-based-dylib-definition"; name = "libc++.tbd"; path = "usr/lib/libc++.tbd"; sourceTree = SDKROOT; };
		8426B9011BB17184005C986C /* libsqlite3.0.tbd */ = {isa = PBXFileReference; lastKnownFileType = "sourcecode.text-based-dylib-definition"; name = libsqlite3.0.tbd; path = usr/lib/libsqlite3.0.tbd; sourceTree = SDKROOT; };
		8426B9031BB17190005C986C /* libxml2.tbd */ = {isa = PBXFileReference; lastKnownFileType = "sourcecode.text-based-dylib-definition"; name = libxml2.tbd; path = usr/lib/libxml2.tbd; sourceTree = SDKROOT; };
		847EC5121A650A7800D9E5D2 /* AudioToolbox.framework */ = {isa = PBXFileReference; lastKnownFileType = wrapper.framework; name = AudioToolbox.framework; path = System/Library/Frameworks/AudioToolbox.framework; sourceTree = SDKROOT; };
		847EC5141A650BD700D9E5D2 /* CFNetwork.framework */ = {isa = PBXFileReference; lastKnownFileType = wrapper.framework; name = CFNetwork.framework; path = System/Library/Frameworks/CFNetwork.framework; sourceTree = SDKROOT; };
		847EC5161A650BF200D9E5D2 /* CoreGraphics.framework */ = {isa = PBXFileReference; lastKnownFileType = wrapper.framework; name = CoreGraphics.framework; path = System/Library/Frameworks/CoreGraphics.framework; sourceTree = SDKROOT; };
		847EC5181A650C0B00D9E5D2 /* MediaPlayer.framework */ = {isa = PBXFileReference; lastKnownFileType = wrapper.framework; name = MediaPlayer.framework; path = System/Library/Frameworks/MediaPlayer.framework; sourceTree = SDKROOT; };
		847EC51C1A650C3200D9E5D2 /* StoreKit.framework */ = {isa = PBXFileReference; lastKnownFileType = wrapper.framework; name = StoreKit.framework; path = System/Library/Frameworks/StoreKit.framework; sourceTree = SDKROOT; };
		847EC51E1A650C6600D9E5D2 /* CoreLocation.framework */ = {isa = PBXFileReference; lastKnownFileType = wrapper.framework; name = CoreLocation.framework; path = System/Library/Frameworks/CoreLocation.framework; sourceTree = SDKROOT; };
		847EC5201A650C6D00D9E5D2 /* AVFoundation.framework */ = {isa = PBXFileReference; lastKnownFileType = wrapper.framework; name = AVFoundation.framework; path = System/Library/Frameworks/AVFoundation.framework; sourceTree = SDKROOT; };
		847EC5221A650C8600D9E5D2 /* CoreMotion.framework */ = {isa = PBXFileReference; lastKnownFileType = wrapper.framework; name = CoreMotion.framework; path = System/Library/Frameworks/CoreMotion.framework; sourceTree = SDKROOT; };
		847EC5241A650CA500D9E5D2 /* EventKit.framework */ = {isa = PBXFileReference; lastKnownFileType = wrapper.framework; name = EventKit.framework; path = System/Library/Frameworks/EventKit.framework; sourceTree = SDKROOT; };
		847EC5261A650CBE00D9E5D2 /* CoreTelephony.framework */ = {isa = PBXFileReference; lastKnownFileType = wrapper.framework; name = CoreTelephony.framework; path = System/Library/Frameworks/CoreTelephony.framework; sourceTree = SDKROOT; };
		847EC5281A650CC900D9E5D2 /* MessageUI.framework */ = {isa = PBXFileReference; lastKnownFileType = wrapper.framework; name = MessageUI.framework; path = System/Library/Frameworks/MessageUI.framework; sourceTree = SDKROOT; };
		847EC52A1A650CDD00D9E5D2 /* EventKitUI.framework */ = {isa = PBXFileReference; lastKnownFileType = wrapper.framework; name = EventKitUI.framework; path = System/Library/Frameworks/EventKitUI.framework; sourceTree = SDKROOT; };
		847EC52C1A650D1800D9E5D2 /* Social.framework */ = {isa = PBXFileReference; lastKnownFileType = wrapper.framework; name = Social.framework; path = System/Library/Frameworks/Social.framework; sourceTree = SDKROOT; };
		847EC52E1A650DB400D9E5D2 /* MobileCoreServices.framework */ = {isa = PBXFileReference; lastKnownFileType = wrapper.framework; name = MobileCoreServices.framework; path = System/Library/Frameworks/MobileCoreServices.framework; sourceTree = SDKROOT; };
		DE21AE5F1E123AC400562FD7 /* JavaScriptCore.framework */ = {isa = PBXFileReference; lastKnownFileType = wrapper.framework; name = JavaScriptCore.framework; path = System/Library/Frameworks/JavaScriptCore.framework; sourceTree = SDKROOT; };
		E92B435423586EB200D45BF9 /* GamaAdjustEvent.plist */ = {isa = PBXFileReference; lastKnownFileType = text.plist; name = GamaAdjustEvent.plist; path = GamaAD/GamaAdjustEvent.plist; sourceTree = SOURCE_ROOT; };
		E940E77423507AF100922A19 /* GamaAdFunction+Adjust.m */ = {isa = PBXFileReference; fileEncoding = 4; lastKnownFileType = sourcecode.c.objc; path = "GamaAdFunction+Adjust.m"; sourceTree = "<group>"; };
		E940E77C23507C5A00922A19 /* GamaAD.entitlements */ = {isa = PBXFileReference; lastKnownFileType = text.plist.entitlements; path = GamaAD.entitlements; sourceTree = "<group>"; };
		E9A3503420EE35F7001EDCE8 /* FirebaseAnalytics.framework */ = {isa = PBXFileReference; lastKnownFileType = wrapper.framework; path = FirebaseAnalytics.framework; sourceTree = "<group>"; };
		E9A3503520EE35F7001EDCE8 /* FirebaseCore.framework */ = {isa = PBXFileReference; lastKnownFileType = wrapper.framework; path = FirebaseCore.framework; sourceTree = "<group>"; };
		E9A3503620EE35F7001EDCE8 /* FirebaseCoreDiagnostics.framework */ = {isa = PBXFileReference; lastKnownFileType = wrapper.framework; path = FirebaseCoreDiagnostics.framework; sourceTree = "<group>"; };
		E9A3503720EE35F7001EDCE8 /* FirebaseInstanceID.framework */ = {isa = PBXFileReference; lastKnownFileType = wrapper.framework; path = FirebaseInstanceID.framework; sourceTree = "<group>"; };
		E9A3503820EE35F7001EDCE8 /* FirebaseNanoPB.framework */ = {isa = PBXFileReference; lastKnownFileType = wrapper.framework; path = FirebaseNanoPB.framework; sourceTree = "<group>"; };
		E9A3503920EE35F7001EDCE8 /* GoogleToolboxForMac.framework */ = {isa = PBXFileReference; lastKnownFileType = wrapper.framework; path = GoogleToolboxForMac.framework; sourceTree = "<group>"; };
		E9A3503A20EE35F7001EDCE8 /* nanopb.framework */ = {isa = PBXFileReference; lastKnownFileType = wrapper.framework; path = nanopb.framework; sourceTree = "<group>"; };
		E9A3504620EE36A2001EDCE8 /* GamaAdFunction+FirebaseAD.m */ = {isa = PBXFileReference; lastKnownFileType = sourcecode.c.objc; path = "GamaAdFunction+FirebaseAD.m"; sourceTree = "<group>"; };
		E9A3504820EE3F9D001EDCE8 /* Firebase.h */ = {isa = PBXFileReference; lastKnownFileType = sourcecode.c.h; path = Firebase.h; sourceTree = "<group>"; };
		E9A3504C20EE49C1001EDCE8 /* Protobuf.framework */ = {isa = PBXFileReference; lastKnownFileType = wrapper.framework; path = Protobuf.framework; sourceTree = "<group>"; };
		E9A3506520EE4B06001EDCE8 /* AddressBook.framework */ = {isa = PBXFileReference; lastKnownFileType = wrapper.framework; name = AddressBook.framework; path = System/Library/Frameworks/AddressBook.framework; sourceTree = SDKROOT; };
		E9A3506D20EE4D12001EDCE8 /* AppsFlyerTracker.h */ = {isa = PBXFileReference; fileEncoding = 4; lastKnownFileType = sourcecode.c.h; path = AppsFlyerTracker.h; sourceTree = "<group>"; };
		E9A3506E20EE4D12001EDCE8 /* libAppsFlyerLib.a */ = {isa = PBXFileReference; lastKnownFileType = archive.ar; path = libAppsFlyerLib.a; sourceTree = "<group>"; };
		E9AD2426235482880079D158 /* AdjustSdk.framework */ = {isa = PBXFileReference; lastKnownFileType = wrapper.framework; path = AdjustSdk.framework; sourceTree = "<group>"; };
		E9D1A431224B872600B80C1E /* GamaSDK_Facebook_20191128_173110.a */ = {isa = PBXFileReference; lastKnownFileType = archive.ar; path = GamaSDK_Facebook_20191128_173110.a; sourceTree = "<group>"; };
		E9D1A434224B872600B80C1E /* GamaFacebookPort.h */ = {isa = PBXFileReference; fileEncoding = 4; lastKnownFileType = sourcecode.c.h; path = GamaFacebookPort.h; sourceTree = "<group>"; };
/* End PBXFileReference section */

/* Begin PBXFrameworksBuildPhase section */
		350F193F1A08ABD800C2FF3B /* Frameworks */ = {
			isa = PBXFrameworksBuildPhase;
			buildActionMask = 2147483647;
			files = (
			);
			runOnlyForDeploymentPostprocessing = 0;
		};
		35A67F871A07884E007D5176 /* Frameworks */ = {
			isa = PBXFrameworksBuildPhase;
			buildActionMask = 2147483647;
			files = (
				E9A3506720EE4B80001EDCE8 /* StoreKit.framework in Frameworks */,
				E9A3506620EE4B06001EDCE8 /* AddressBook.framework in Frameworks */,
				E9A3506F20EE4D13001EDCE8 /* libAppsFlyerLib.a in Frameworks */,
				DE21AE601E123AC400562FD7 /* JavaScriptCore.framework in Frameworks */,
				359DCDBB1BF440EB005E1E59 /* libxml2.tbd in Frameworks */,
				E9A3503F20EE35F8001EDCE8 /* FirebaseNanoPB.framework in Frameworks */,
				359DCDBC1BF440EB005E1E59 /* libsqlite3.0.tbd in Frameworks */,
				007534A920862B8500D30F30 /* GamaSDK_CORE_20191227_164921.a in Frameworks */,
				359DCDBD1BF440EB005E1E59 /* libc++.tbd in Frameworks */,
				359DCDBE1BF440EB005E1E59 /* libz.tbd in Frameworks */,
				E9A3504120EE35F8001EDCE8 /* nanopb.framework in Frameworks */,
				E9A3503D20EE35F8001EDCE8 /* FirebaseCoreDiagnostics.framework in Frameworks */,
				359DCDBF1BF440EB005E1E59 /* iAd.framework in Frameworks */,
				E9A3504020EE35F8001EDCE8 /* GoogleToolboxForMac.framework in Frameworks */,
				359DCDC01BF440EB005E1E59 /* UIKit.framework in Frameworks */,
				359DCDC11BF440EB005E1E59 /* AdSupport.framework in Frameworks */,
				E92B43562358712500D45BF9 /* AdjustSdk.framework in Frameworks */,
				359DCDC21BF440EB005E1E59 /* SystemConfiguration.framework in Frameworks */,
				E9A3503E20EE35F8001EDCE8 /* FirebaseInstanceID.framework in Frameworks */,
				359DCDC31BF440EB005E1E59 /* Security.framework in Frameworks */,
				359DCDC41BF440EB005E1E59 /* MobileCoreServices.framework in Frameworks */,
				359DCDC51BF440EB005E1E59 /* Social.framework in Frameworks */,
				359DCDC61BF440EB005E1E59 /* EventKitUI.framework in Frameworks */,
				E9A3503C20EE35F8001EDCE8 /* FirebaseCore.framework in Frameworks */,
				359DCDC71BF440EB005E1E59 /* MessageUI.framework in Frameworks */,
				359DCDC81BF440EB005E1E59 /* CoreTelephony.framework in Frameworks */,
				359DCDC91BF440EB005E1E59 /* EventKit.framework in Frameworks */,
				359DCDCA1BF440EB005E1E59 /* CoreMotion.framework in Frameworks */,
				359DCDCB1BF440EB005E1E59 /* AVFoundation.framework in Frameworks */,
				E9A3503B20EE35F8001EDCE8 /* FirebaseAnalytics.framework in Frameworks */,
				359DCDCC1BF440EB005E1E59 /* CoreLocation.framework in Frameworks */,
				359DCDCE1BF440EB005E1E59 /* MediaPlayer.framework in Frameworks */,
				359DCDCF1BF440EB005E1E59 /* CoreGraphics.framework in Frameworks */,
				359DCDD01BF440EB005E1E59 /* CFNetwork.framework in Frameworks */,
				359DCDD11BF440EB005E1E59 /* AudioToolbox.framework in Frameworks */,
				E9A3504D20EE49C2001EDCE8 /* Protobuf.framework in Frameworks */,
			);
			runOnlyForDeploymentPostprocessing = 0;
		};
/* End PBXFrameworksBuildPhase section */

/* Begin PBXGroup section */
		0075347E20862AF400D30F30 /* GamaAD */ = {
			isa = PBXGroup;
			children = (
				E940E77C23507C5A00922A19 /* GamaAD.entitlements */,
				0075348220862AF400D30F30 /* GamaAd */,
				0075347F20862AF400D30F30 /* AppDelegate.h */,
				0075348B20862AF400D30F30 /* AppDelegate.m */,
				0075348D20862AF400D30F30 /* ViewController.h */,
				0075348020862AF400D30F30 /* ViewController.m */,
				0075348120862AF400D30F30 /* main.m */,
				0075348A20862AF400D30F30 /* Images.xcassets */,
				0075348C20862AF400D30F30 /* Info.plist */,
			);
			path = GamaAD;
			sourceTree = "<group>";
		};
		0075348220862AF400D30F30 /* GamaAd */ = {
			isa = PBXGroup;
			children = (
				0075348320862AF400D30F30 /* GamaAdPort.h */,
				0075348920862AF400D30F30 /* GamaAdPort.m */,
				0075348420862AF400D30F30 /* GamaAdFuncton */,
			);
			path = GamaAd;
			sourceTree = "<group>";
		};
		0075348420862AF400D30F30 /* GamaAdFuncton */ = {
			isa = PBXGroup;
			children = (
				0075348520862AF400D30F30 /* GamaAdFunction+AppFlyerAD.m */,
				E9A3504620EE36A2001EDCE8 /* GamaAdFunction+FirebaseAD.m */,
				E940E77423507AF100922A19 /* GamaAdFunction+Adjust.m */,
				0075348620862AF400D30F30 /* GamaAdFunction.h */,
				0075348720862AF400D30F30 /* GamaAdInfo.h */,
				0075348820862AF400D30F30 /* GamaAdFunction.m */,
			);
			path = GamaAdFuncton;
			sourceTree = "<group>";
		};
		0075349620862B8500D30F30 /* GamaCoreFunc_DotA */ = {
			isa = PBXGroup;
			children = (
				007534AA20862B8F00D30F30 /* GamaCommonHeader.h */,
				0075349720862B8500D30F30 /* GamaSDK_CORE_20191227_164921.a */,
				0075349820862B8500D30F30 /* include */,
			);
			name = GamaCoreFunc_DotA;
			path = ../../GamaResources/_LibGroup/GamaCoreFunc_DotA;
			sourceTree = "<group>";
		};
		0075349820862B8500D30F30 /* include */ = {
			isa = PBXGroup;
			children = (
				0075349920862B8500D30F30 /* GamaCoreFunc_DotA */,
			);
			path = include;
			sourceTree = "<group>";
		};
		0075349920862B8500D30F30 /* GamaCoreFunc_DotA */ = {
			isa = PBXGroup;
			children = (
				0075349A20862B8500D30F30 /* GamaRequestor.h */,
				0075349B20862B8500D30F30 /* GamaUserInfoModel.h */,
				0075349C20862B8500D30F30 /* GamaAlertView.h */,
				0075349D20862B8500D30F30 /* NSString+GamaSStringAddition.h */,
				0075349E20862B8500D30F30 /* GamaCentreInfo.h */,
				0075349F20862B8500D30F30 /* GamaCfUUID.h */,
				007534A020862B8500D30F30 /* GamaFunction.h */,
				007534A120862B8500D30F30 /* UIImage+GamaBundleImage.h */,
				007534A220862B8500D30F30 /* NSString+GamaURLEncoding.h */,
				007534A320862B8500D30F30 /* GamaAlertViewDelegate.h */,
				007534A420862B8500D30F30 /* GamaURLConnect.h */,
				007534A520862B8500D30F30 /* GamaSecurityFunction.h */,
				007534A620862B8500D30F30 /* GamaPrivateKeychainCfUUID.h */,
				007534A720862B8500D30F30 /* GamaSecurity.h */,
				007534A820862B8500D30F30 /* GamaCoreConfReader.h */,
			);
			path = GamaCoreFunc_DotA;
			sourceTree = "<group>";
		};
		35A67F811A07884E007D5176 = {
			isa = PBXGroup;
			children = (
				32C19D8925206F6900E5417D /* xcode12-solution.xcconfig */,
				E9AD2424235482880079D158 /* Adjust */,
				E9D1A430224B872600B80C1E /* GamaFacebook_DotA */,
				E9A3506C20EE4D12001EDCE8 /* AF-iOS-SDK-v4.5.12 */,
				E9A3503220EE35F7001EDCE8 /* Firebase */,
				0075349620862B8500D30F30 /* GamaCoreFunc_DotA */,
				35D18EFF1A0CBBCC003FB046 /* BuildScript.sh */,
				0075347E20862AF400D30F30 /* GamaAD */,
				35A67F8B1A07884E007D5176 /* Products */,
				8425671E1A6E4DA300C183FD /* Framework */,
				E9A3506420EE4B05001EDCE8 /* Frameworks */,
			);
			sourceTree = "<group>";
		};
		35A67F8B1A07884E007D5176 /* Products */ = {
			isa = PBXGroup;
			children = (
				35A67F8A1A07884E007D5176 /* GamaAD.app */,
				350F19421A08ABD800C2FF3B /* libGamaAD_DotA.a */,
			);
			name = Products;
			sourceTree = "<group>";
		};
		8425671E1A6E4DA300C183FD /* Framework */ = {
			isa = PBXGroup;
			children = (
				DE21AE5F1E123AC400562FD7 /* JavaScriptCore.framework */,
				8426B9031BB17190005C986C /* libxml2.tbd */,
				8426B9011BB17184005C986C /* libsqlite3.0.tbd */,
				8426B8FF1BB17178005C986C /* libc++.tbd */,
				8426B8FD1BB1716F005C986C /* libz.tbd */,
				2698202C1AAD6CDE00C97099 /* iAd.framework */,
				35A680071A0790D6007D5176 /* UIKit.framework */,
				35A680051A0790CC007D5176 /* AdSupport.framework */,
				35A680031A0790C9007D5176 /* SystemConfiguration.framework */,
				35A680011A0790C5007D5176 /* Security.framework */,
				847EC52E1A650DB400D9E5D2 /* MobileCoreServices.framework */,
				847EC52C1A650D1800D9E5D2 /* Social.framework */,
				847EC52A1A650CDD00D9E5D2 /* EventKitUI.framework */,
				847EC5281A650CC900D9E5D2 /* MessageUI.framework */,
				847EC5261A650CBE00D9E5D2 /* CoreTelephony.framework */,
				847EC5241A650CA500D9E5D2 /* EventKit.framework */,
				847EC5221A650C8600D9E5D2 /* CoreMotion.framework */,
				847EC5201A650C6D00D9E5D2 /* AVFoundation.framework */,
				847EC51E1A650C6600D9E5D2 /* CoreLocation.framework */,
				847EC51C1A650C3200D9E5D2 /* StoreKit.framework */,
				847EC5181A650C0B00D9E5D2 /* MediaPlayer.framework */,
				847EC5161A650BF200D9E5D2 /* CoreGraphics.framework */,
				847EC5141A650BD700D9E5D2 /* CFNetwork.framework */,
				847EC5121A650A7800D9E5D2 /* AudioToolbox.framework */,
			);
			name = Framework;
			sourceTree = "<group>";
		};
		E9A3503220EE35F7001EDCE8 /* Firebase */ = {
			isa = PBXGroup;
			children = (
				E9A3504B20EE49C1001EDCE8 /* Common */,
				E9A3504820EE3F9D001EDCE8 /* Firebase.h */,
				E9A3503320EE35F7001EDCE8 /* Analytics */,
			);
			name = Firebase;
			path = GamaAD/Firebase;
			sourceTree = "<group>";
		};
		E9A3503320EE35F7001EDCE8 /* Analytics */ = {
			isa = PBXGroup;
			children = (
				E9A3503420EE35F7001EDCE8 /* FirebaseAnalytics.framework */,
				E9A3503520EE35F7001EDCE8 /* FirebaseCore.framework */,
				E9A3503620EE35F7001EDCE8 /* FirebaseCoreDiagnostics.framework */,
				E9A3503720EE35F7001EDCE8 /* FirebaseInstanceID.framework */,
				E9A3503820EE35F7001EDCE8 /* FirebaseNanoPB.framework */,
				E9A3503920EE35F7001EDCE8 /* GoogleToolboxForMac.framework */,
				E9A3503A20EE35F7001EDCE8 /* nanopb.framework */,
			);
			path = Analytics;
			sourceTree = "<group>";
		};
		E9A3504B20EE49C1001EDCE8 /* Common */ = {
			isa = PBXGroup;
			children = (
				E9A3504C20EE49C1001EDCE8 /* Protobuf.framework */,
			);
			path = Common;
			sourceTree = "<group>";
		};
		E9A3506420EE4B05001EDCE8 /* Frameworks */ = {
			isa = PBXGroup;
			children = (
				E9A3506520EE4B06001EDCE8 /* AddressBook.framework */,
			);
			name = Frameworks;
			sourceTree = "<group>";
		};
		E9A3506C20EE4D12001EDCE8 /* AF-iOS-SDK-v4.5.12 */ = {
			isa = PBXGroup;
			children = (
				E9A3506D20EE4D12001EDCE8 /* AppsFlyerTracker.h */,
				E9A3506E20EE4D12001EDCE8 /* libAppsFlyerLib.a */,
			);
			name = "AF-iOS-SDK-v4.5.12";
			path = "GamaAD/AF-iOS-SDK-v4.5.12";
			sourceTree = "<group>";
		};
		E9AD2424235482880079D158 /* Adjust */ = {
			isa = PBXGroup;
			children = (
				E92B435423586EB200D45BF9 /* GamaAdjustEvent.plist */,
				E9AD2426235482880079D158 /* AdjustSdk.framework */,
			);
			name = Adjust;
			path = GamaAD/Adjust;
			sourceTree = "<group>";
		};
		E9D1A430224B872600B80C1E /* GamaFacebook_DotA */ = {
			isa = PBXGroup;
			children = (
				E9D1A431224B872600B80C1E /* GamaSDK_Facebook_20191128_173110.a */,
				E9D1A432224B872600B80C1E /* include */,
			);
			name = GamaFacebook_DotA;
			path = ../../GamaResources/_LibGroup/GamaFacebook_DotA;
			sourceTree = "<group>";
		};
		E9D1A432224B872600B80C1E /* include */ = {
			isa = PBXGroup;
			children = (
				E9D1A433224B872600B80C1E /* GamaFacebook_DotA */,
			);
			path = include;
			sourceTree = "<group>";
		};
		E9D1A433224B872600B80C1E /* GamaFacebook_DotA */ = {
			isa = PBXGroup;
			children = (
				E9D1A434224B872600B80C1E /* GamaFacebookPort.h */,
			);
			path = GamaFacebook_DotA;
			sourceTree = "<group>";
		};
/* End PBXGroup section */

/* Begin PBXNativeTarget section */
		350F19411A08ABD800C2FF3B /* GamaAD_DotA */ = {
			isa = PBXNativeTarget;
			buildConfigurationList = 350F19501A08ABD800C2FF3B /* Build configuration list for PBXNativeTarget "GamaAD_DotA" */;
			buildPhases = (
				350F193E1A08ABD800C2FF3B /* Sources */,
				350F193F1A08ABD800C2FF3B /* Frameworks */,
				350F19401A08ABD800C2FF3B /* Copy Files */,
			);
			buildRules = (
			);
			dependencies = (
			);
			name = GamaAD_DotA;
			productName = EfunLogin_DotA;
			productReference = 350F19421A08ABD800C2FF3B /* libGamaAD_DotA.a */;
			productType = "com.apple.product-type.library.static";
		};
		35A67F891A07884E007D5176 /* GamaAD */ = {
			isa = PBXNativeTarget;
			buildConfigurationList = 35A67FAD1A078853007D5176 /* Build configuration list for PBXNativeTarget "GamaAD" */;
			buildPhases = (
				35A67F861A07884E007D5176 /* Sources */,
				35A67F871A07884E007D5176 /* Frameworks */,
				35A67F881A07884E007D5176 /* Resources */,
				DE21AE741E12897200562FD7 /* Embed Frameworks */,
			);
			buildRules = (
			);
			dependencies = (
			);
			name = GamaAD;
			productName = EfunLogin;
			productReference = 35A67F8A1A07884E007D5176 /* GamaAD.app */;
			productType = "com.apple.product-type.application";
		};
/* End PBXNativeTarget section */

/* Begin PBXProject section */
		35A67F821A07884E007D5176 /* Project object */ = {
			isa = PBXProject;
			attributes = {
				LastUpgradeCheck = 0920;
				ORGANIZATIONNAME = Gama;
				TargetAttributes = {
					350F19411A08ABD800C2FF3B = {
						CreatedOnToolsVersion = 6.0.1;
					};
					350F19561A08AE1500C2FF3B = {
						CreatedOnToolsVersion = 6.0.1;
					};
					35A67F891A07884E007D5176 = {
						CreatedOnToolsVersion = 6.0.1;
						DevelopmentTeam = N64JLDR4LD;
						SystemCapabilities = {
							com.apple.Push = {
								enabled = 1;
							};
						};
					};
				};
			};
			buildConfigurationList = 35A67F851A07884E007D5176 /* Build configuration list for PBXProject "GamaAD" */;
			compatibilityVersion = "Xcode 3.2";
			developmentRegion = English;
			hasScannedForEncodings = 0;
			knownRegions = (
				English,
				en,
				Base,
				th,
			);
			mainGroup = 35A67F811A07884E007D5176;
			productRefGroup = 35A67F8B1A07884E007D5176 /* Products */;
			projectDirPath = "";
			projectRoot = "";
			targets = (
				35A67F891A07884E007D5176 /* GamaAD */,
				350F19411A08ABD800C2FF3B /* GamaAD_DotA */,
				350F19561A08AE1500C2FF3B /* GamaAD_Builder */,
			);
		};
/* End PBXProject section */

/* Begin PBXResourcesBuildPhase section */
		35A67F881A07884E007D5176 /* Resources */ = {
			isa = PBXResourcesBuildPhase;
			buildActionMask = 2147483647;
			files = (
				0075349320862AF500D30F30 /* Images.xcassets in Resources */,
				0075349520862AF500D30F30 /* Info.plist in Resources */,
			);
			runOnlyForDeploymentPostprocessing = 0;
		};
/* End PBXResourcesBuildPhase section */

/* Begin PBXShellScriptBuildPhase section */
		350F195A1A08AE1D00C2FF3B /* ShellScript */ = {
			isa = PBXShellScriptBuildPhase;
			buildActionMask = 2147483647;
			files = (
			);
			inputPaths = (
			);
			outputPaths = (
			);
			runOnlyForDeploymentPostprocessing = 0;
			shellPath = /bin/sh;
			shellScript = "chmod 755 \"$PROJECT_DIR/BuildScript.sh\"\n\"$PROJECT_DIR/BuildScript.sh\"";
		};
/* End PBXShellScriptBuildPhase section */

/* Begin PBXSourcesBuildPhase section */
		350F193E1A08ABD800C2FF3B /* Sources */ = {
			isa = PBXSourcesBuildPhase;
			buildActionMask = 2147483647;
			files = (
				E9DF1BF8211854B300B0C591 /* GamaAdFunction+FirebaseAD.m in Sources */,
				007534AD20862F7800D30F30 /* GamaAdFunction.m in Sources */,
				007534AC20862F7800D30F30 /* GamaAdFunction+AppFlyerAD.m in Sources */,
				E940E77B23507B6800922A19 /* GamaAdFunction+Adjust.m in Sources */,
				007534AB20862F7800D30F30 /* GamaAdPort.m in Sources */,
			);
			runOnlyForDeploymentPostprocessing = 0;
		};
		35A67F861A07884E007D5176 /* Sources */ = {
			isa = PBXSourcesBuildPhase;
			buildActionMask = 2147483647;
			files = (
				0075349120862AF500D30F30 /* GamaAdFunction.m in Sources */,
				E940E77523507AF100922A19 /* GamaAdFunction+Adjust.m in Sources */,
				0075348E20862AF500D30F30 /* ViewController.m in Sources */,
				0075349020862AF500D30F30 /* GamaAdFunction+AppFlyerAD.m in Sources */,
				0075349420862AF500D30F30 /* AppDelegate.m in Sources */,
				0075349220862AF500D30F30 /* GamaAdPort.m in Sources */,
				E9A3504720EE36A2001EDCE8 /* GamaAdFunction+FirebaseAD.m in Sources */,
				0075348F20862AF500D30F30 /* main.m in Sources */,
			);
			runOnlyForDeploymentPostprocessing = 0;
		};
/* End PBXSourcesBuildPhase section */

/* Begin XCBuildConfiguration section */
		350F19511A08ABD800C2FF3B /* Debug */ = {
			isa = XCBuildConfiguration;
			baseConfigurationReference = 32C19D8925206F6900E5417D /* xcode12-solution.xcconfig */;
			buildSettings = {
				CLANG_ENABLE_OBJC_ARC = NO;
				ENABLE_BITCODE = NO;
				FRAMEWORK_SEARCH_PATHS = (
					"$(inherited)",
					"$(PROJECT_DIR)/GamaAD/Firebase/Analytics",
					"$(PROJECT_DIR)/GamaAD/Adjust",
				);
				GCC_PREFIX_HEADER = "$(SRCROOT)/../../WorkProjResources/GamaCommonHeader.h";
				GCC_PREPROCESSOR_DEFINITIONS = (
					"DEBUG=1",
					"$(inherited)",
				);
				IPHONEOS_DEPLOYMENT_TARGET = 9.0;
				LIBRARY_SEARCH_PATHS = "$(inherited)";
				ONLY_ACTIVE_ARCH = NO;
				OTHER_LDFLAGS = "-ObjC";
				PRODUCT_NAME = GamaAD_DotA;
				SKIP_INSTALL = YES;
				USER_HEADER_SEARCH_PATHS = "";
				VALID_ARCHS = "arm64 armv7 armv7s arm64e x86_64 i386";
			};
			name = Debug;
		};
		350F19521A08ABD800C2FF3B /* Release */ = {
			isa = XCBuildConfiguration;
			baseConfigurationReference = 32C19D8925206F6900E5417D /* xcode12-solution.xcconfig */;
			buildSettings = {
				CLANG_ENABLE_OBJC_ARC = NO;
				ENABLE_BITCODE = NO;
				FRAMEWORK_SEARCH_PATHS = (
					"$(inherited)",
					"$(PROJECT_DIR)/GamaAD/Firebase/Analytics",
					"$(PROJECT_DIR)/GamaAD/Adjust",
				);
				GCC_PREFIX_HEADER = "$(SRCROOT)/../../WorkProjResources/GamaCommonHeader.h";
				IPHONEOS_DEPLOYMENT_TARGET = 9.0;
				LIBRARY_SEARCH_PATHS = "$(inherited)";
				ONLY_ACTIVE_ARCH = NO;
				OTHER_LDFLAGS = "-ObjC";
				PRODUCT_NAME = GamaAD_DotA;
				SKIP_INSTALL = YES;
				USER_HEADER_SEARCH_PATHS = "";
				VALID_ARCHS = "arm64 armv7 armv7s arm64e x86_64 i386";
			};
			name = Release;
		};
		350F19581A08AE1500C2FF3B /* Debug */ = {
			isa = XCBuildConfiguration;
			buildSettings = {
				ENABLE_BITCODE = NO;
				GCC_PREFIX_HEADER = "$(SRCROOT)/../../WorkProjResources/GamaCommonHeader.h";
				ONLY_ACTIVE_ARCH = NO;
				PRODUCT_NAME = GamaAD_Builder;
				VALID_ARCHS = "arm64 armv7 armv7s arm64e x86_64 i386";
			};
			name = Debug;
		};
		350F19591A08AE1500C2FF3B /* Release */ = {
			isa = XCBuildConfiguration;
			buildSettings = {
				ENABLE_BITCODE = NO;
				GCC_PREFIX_HEADER = "$(SRCROOT)/../../WorkProjResources/GamaCommonHeader.h";
				ONLY_ACTIVE_ARCH = NO;
				PRODUCT_NAME = GamaAD_Builder;
				VALID_ARCHS = "arm64 armv7 armv7s arm64e x86_64 i386";
			};
			name = Release;
		};
		35A67FAB1A078853007D5176 /* Debug */ = {
			isa = XCBuildConfiguration;
			buildSettings = {
				ALWAYS_SEARCH_USER_PATHS = NO;
				CLANG_ANALYZER_LOCALIZABILITY_NONLOCALIZED = YES;
				CLANG_CXX_LANGUAGE_STANDARD = "gnu++0x";
				CLANG_CXX_LIBRARY = "libc++";
				CLANG_ENABLE_MODULES = YES;
				CLANG_ENABLE_OBJC_ARC = NO;
				CLANG_MODULES_AUTOLINK = NO;
				CLANG_WARN_BLOCK_CAPTURE_AUTORELEASING = YES;
				CLANG_WARN_BOOL_CONVERSION = YES;
				CLANG_WARN_COMMA = YES;
				CLANG_WARN_CONSTANT_CONVERSION = YES;
				CLANG_WARN_DIRECT_OBJC_ISA_USAGE = YES_ERROR;
				CLANG_WARN_EMPTY_BODY = YES;
				CLANG_WARN_ENUM_CONVERSION = YES;
				CLANG_WARN_INFINITE_RECURSION = YES;
				CLANG_WARN_INT_CONVERSION = YES;
				CLANG_WARN_NON_LITERAL_NULL_CONVERSION = YES;
				CLANG_WARN_OBJC_LITERAL_CONVERSION = YES;
				CLANG_WARN_OBJC_ROOT_CLASS = YES_ERROR;
				CLANG_WARN_RANGE_LOOP_ANALYSIS = YES;
				CLANG_WARN_STRICT_PROTOTYPES = YES;
				CLANG_WARN_SUSPICIOUS_MOVE = YES;
				CLANG_WARN_UNREACHABLE_CODE = YES;
				CLANG_WARN__DUPLICATE_METHOD_MATCH = YES;
				"CODE_SIGN_IDENTITY[sdk=iphoneos*]" = "iPhone Developer";
				COPY_PHASE_STRIP = NO;
				ENABLE_STRICT_OBJC_MSGSEND = YES;
				ENABLE_TESTABILITY = YES;
				GCC_C_LANGUAGE_STANDARD = gnu99;
				GCC_DYNAMIC_NO_PIC = NO;
				GCC_NO_COMMON_BLOCKS = YES;
				GCC_OPTIMIZATION_LEVEL = 0;
				GCC_PRECOMPILE_PREFIX_HEADER = YES;
				GCC_PREFIX_HEADER = "/Users/song/SPY/CodeLabs/Git-out/WorkProjResources/SPCommonHeader.h";
				GCC_PREPROCESSOR_DEFINITIONS = (
					"DEBUG=1",
					"$(inherited)",
				);
				GCC_SYMBOLS_PRIVATE_EXTERN = NO;
				GCC_WARN_64_TO_32_BIT_CONVERSION = YES;
				GCC_WARN_ABOUT_RETURN_TYPE = YES_ERROR;
				GCC_WARN_UNDECLARED_SELECTOR = YES;
				GCC_WARN_UNINITIALIZED_AUTOS = YES_AGGRESSIVE;
				GCC_WARN_UNUSED_FUNCTION = YES;
				GCC_WARN_UNUSED_VARIABLE = YES;
				IPHONEOS_DEPLOYMENT_TARGET = 9.0;
				MTL_ENABLE_DEBUG_INFO = YES;
				ONLY_ACTIVE_ARCH = YES;
				SDKROOT = iphoneos;
				TARGETED_DEVICE_FAMILY = "1,2";
				VALID_ARCHS = "arm64 armv7 armv7s x86_64 i386";
			};
			name = Debug;
		};
		35A67FAC1A078853007D5176 /* Release */ = {
			isa = XCBuildConfiguration;
			buildSettings = {
				ALWAYS_SEARCH_USER_PATHS = NO;
				CLANG_ANALYZER_LOCALIZABILITY_NONLOCALIZED = YES;
				CLANG_CXX_LANGUAGE_STANDARD = "gnu++0x";
				CLANG_CXX_LIBRARY = "libc++";
				CLANG_ENABLE_MODULES = YES;
				CLANG_ENABLE_OBJC_ARC = NO;
				CLANG_MODULES_AUTOLINK = NO;
				CLANG_WARN_BLOCK_CAPTURE_AUTORELEASING = YES;
				CLANG_WARN_BOOL_CONVERSION = YES;
				CLANG_WARN_COMMA = YES;
				CLANG_WARN_CONSTANT_CONVERSION = YES;
				CLANG_WARN_DIRECT_OBJC_ISA_USAGE = YES_ERROR;
				CLANG_WARN_EMPTY_BODY = YES;
				CLANG_WARN_ENUM_CONVERSION = YES;
				CLANG_WARN_INFINITE_RECURSION = YES;
				CLANG_WARN_INT_CONVERSION = YES;
				CLANG_WARN_NON_LITERAL_NULL_CONVERSION = YES;
				CLANG_WARN_OBJC_LITERAL_CONVERSION = YES;
				CLANG_WARN_OBJC_ROOT_CLASS = YES_ERROR;
				CLANG_WARN_RANGE_LOOP_ANALYSIS = YES;
				CLANG_WARN_STRICT_PROTOTYPES = YES;
				CLANG_WARN_SUSPICIOUS_MOVE = YES;
				CLANG_WARN_UNREACHABLE_CODE = YES;
				CLANG_WARN__DUPLICATE_METHOD_MATCH = YES;
				"CODE_SIGN_IDENTITY[sdk=iphoneos*]" = "iPhone Developer";
				COPY_PHASE_STRIP = YES;
				ENABLE_NS_ASSERTIONS = NO;
				ENABLE_STRICT_OBJC_MSGSEND = YES;
				GCC_C_LANGUAGE_STANDARD = gnu99;
				GCC_NO_COMMON_BLOCKS = YES;
				GCC_PRECOMPILE_PREFIX_HEADER = YES;
				GCC_PREFIX_HEADER = "/Users/song/SPY/CodeLabs/Git-out/WorkProjResources/SPCommonHeader.h";
				GCC_WARN_64_TO_32_BIT_CONVERSION = YES;
				GCC_WARN_ABOUT_RETURN_TYPE = YES_ERROR;
				GCC_WARN_UNDECLARED_SELECTOR = YES;
				GCC_WARN_UNINITIALIZED_AUTOS = YES_AGGRESSIVE;
				GCC_WARN_UNUSED_FUNCTION = YES;
				GCC_WARN_UNUSED_VARIABLE = YES;
				IPHONEOS_DEPLOYMENT_TARGET = 9.0;
				MTL_ENABLE_DEBUG_INFO = NO;
				SDKROOT = iphoneos;
				TARGETED_DEVICE_FAMILY = "1,2";
				VALIDATE_PRODUCT = YES;
				VALID_ARCHS = "arm64 armv7 armv7s x86_64 i386";
			};
			name = Release;
		};
		35A67FAE1A078853007D5176 /* Debug */ = {
			isa = XCBuildConfiguration;
			buildSettings = {
				ASSETCATALOG_COMPILER_APPICON_NAME = AppIcon;
				CODE_SIGN_ENTITLEMENTS = GamaAD/GamaAD.entitlements;
				CODE_SIGN_IDENTITY = "iPhone Developer: po cheng Liu (CBQ45PQK59)";
				"CODE_SIGN_IDENTITY[sdk=iphoneos*]" = "iPhone Developer: po cheng Liu (CBQ45PQK59)";
				DEVELOPMENT_TEAM = N64JLDR4LD;
				ENABLE_BITCODE = NO;
				FRAMEWORK_SEARCH_PATHS = (
					"$(inherited)",
					"$(PROJECT_DIR)/GamaAD/Firebase/Analytics",
					"$(PROJECT_DIR)/GamaAD/Firebase/Common",
					"$(PROJECT_DIR)/GamaAD/Firebase/Invites",
					"$(PROJECT_DIR)/GamaAD/AF-iOS-SDK-v4.5.12",
					"$(PROJECT_DIR)/GamaAD/Adjust",
				);
				GCC_PRECOMPILE_PREFIX_HEADER = YES;
				GCC_PREFIX_HEADER = "$(SRCROOT)/../../WorkProjResources/GamaCommonHeader.h";
				INFOPLIST_FILE = "$(SRCROOT)/GamaAD/Info.plist";
				IPHONEOS_DEPLOYMENT_TARGET = 8.0;
				LD_RUNPATH_SEARCH_PATHS = "$(inherited) @executable_path/Frameworks";
				LIBRARY_SEARCH_PATHS = "$(PROJECT_DIR)/GamaAD/AF-iOS-SDK-v4.5.12";
				ONLY_ACTIVE_ARCH = NO;
				OTHER_LDFLAGS = "-ObjC";
				PRODUCT_BUNDLE_IDENTIFIER = com.gamamobi.vfjp;
				PRODUCT_NAME = GamaAD;
				PROVISIONING_PROFILE = "209c1b9e-4e0f-44b6-b5fd-3766d911976d";
				PROVISIONING_PROFILE_SPECIFIER = vfjp_dev_1012;
				USER_HEADER_SEARCH_PATHS = "";
				VALID_ARCHS = "arm64 armv7 x86_64 i386";
			};
			name = Debug;
		};
		35A67FAF1A078853007D5176 /* Release */ = {
			isa = XCBuildConfiguration;
			buildSettings = {
				ASSETCATALOG_COMPILER_APPICON_NAME = AppIcon;
				CODE_SIGN_ENTITLEMENTS = GamaAD/GamaAD.entitlements;
				CODE_SIGN_IDENTITY = "iPhone Developer: po cheng Liu (CBQ45PQK59)";
				"CODE_SIGN_IDENTITY[sdk=iphoneos*]" = "iPhone Distribution: GAMAMOBI CO., LTD (N64JLDR4LD)";
				DEVELOPMENT_TEAM = N64JLDR4LD;
				ENABLE_BITCODE = NO;
				FRAMEWORK_SEARCH_PATHS = (
					"$(inherited)",
					"$(PROJECT_DIR)/GamaAD/Firebase/Analytics",
					"$(PROJECT_DIR)/GamaAD/Firebase/Common",
					"$(PROJECT_DIR)/GamaAD/Firebase/Invites",
					"$(PROJECT_DIR)/GamaAD/AF-iOS-SDK-v4.5.12",
					"$(PROJECT_DIR)/GamaAD/Adjust",
				);
				GCC_PRECOMPILE_PREFIX_HEADER = YES;
				GCC_PREFIX_HEADER = "$(SRCROOT)/../../WorkProjResources/GamaCommonHeader.h";
				INFOPLIST_FILE = "$(SRCROOT)/GamaAD/Info.plist";
				IPHONEOS_DEPLOYMENT_TARGET = 8.0;
				LD_RUNPATH_SEARCH_PATHS = "$(inherited) @executable_path/Frameworks";
				LIBRARY_SEARCH_PATHS = "$(PROJECT_DIR)/GamaAD/AF-iOS-SDK-v4.5.12";
				ONLY_ACTIVE_ARCH = NO;
				OTHER_LDFLAGS = "-ObjC";
				PRODUCT_BUNDLE_IDENTIFIER = com.gamamobi.vfjp;
				PRODUCT_NAME = GamaAD;
				PROVISIONING_PROFILE = "209c1b9e-4e0f-44b6-b5fd-3766d911976d";
				PROVISIONING_PROFILE_SPECIFIER = vfjp_dev_1012;
				USER_HEADER_SEARCH_PATHS = "";
				VALID_ARCHS = "arm64 armv7 x86_64 i386";
			};
			name = Release;
		};
/* End XCBuildConfiguration section */

/* Begin XCConfigurationList section */
		350F19501A08ABD800C2FF3B /* Build configuration list for PBXNativeTarget "GamaAD_DotA" */ = {
			isa = XCConfigurationList;
			buildConfigurations = (
				350F19511A08ABD800C2FF3B /* Debug */,
				350F19521A08ABD800C2FF3B /* Release */,
			);
			defaultConfigurationIsVisible = 0;
			defaultConfigurationName = Release;
		};
		350F19571A08AE1500C2FF3B /* Build configuration list for PBXAggregateTarget "GamaAD_Builder" */ = {
			isa = XCConfigurationList;
			buildConfigurations = (
				350F19581A08AE1500C2FF3B /* Debug */,
				350F19591A08AE1500C2FF3B /* Release */,
			);
			defaultConfigurationIsVisible = 0;
			defaultConfigurationName = Release;
		};
		35A67F851A07884E007D5176 /* Build configuration list for PBXProject "GamaAD" */ = {
			isa = XCConfigurationList;
			buildConfigurations = (
				35A67FAB1A078853007D5176 /* Debug */,
				35A67FAC1A078853007D5176 /* Release */,
			);
			defaultConfigurationIsVisible = 0;
			defaultConfigurationName = Release;
		};
		35A67FAD1A078853007D5176 /* Build configuration list for PBXNativeTarget "GamaAD" */ = {
			isa = XCConfigurationList;
			buildConfigurations = (
				35A67FAE1A078853007D5176 /* Debug */,
				35A67FAF1A078853007D5176 /* Release */,
			);
			defaultConfigurationIsVisible = 0;
			defaultConfigurationName = Release;
		};
/* End XCConfigurationList section */
	};
	rootObject = 35A67F821A07884E007D5176 /* Project object */;
}
