// !$*UTF8*$!
{
	archiveVersion = 1;
	classes = {
	};
	objectVersion = 46;
	objects = {

/* Begin PBXAggregateTarget section */
		350F19561A08AE1500C2FF3B /* GamaFacebook_Builder */ = {
			isa = PBXAggregateTarget;
			buildConfigurationList = 350F19571A08AE1500C2FF3B /* Build configuration list for PBXAggregateTarget "GamaFacebook_Builder" */;
			buildPhases = (
				350F195A1A08AE1D00C2FF3B /* ShellScript */,
			);
			dependencies = (
			);
			name = GamaFacebook_Builder;
			productName = EfunLogin_Builder;
		};
/* End PBXAggregateTarget section */

/* Begin PBXBuildFile section */
		32506C1124F8CC4300010D7B /* FBSDKLoginKit.framework in Frameworks */ = {isa = PBXBuildFile; fileRef = 32506C0D24F8CC4300010D7B /* FBSDKLoginKit.framework */; };
		32506C1324F8CC4300010D7B /* FBSDKShareKit.framework in Frameworks */ = {isa = PBXBuildFile; fileRef = 32506C0E24F8CC4300010D7B /* FBSDKShareKit.framework */; };
		32506C1524F8CC4300010D7B /* FBSDKCoreKit.framework in Frameworks */ = {isa = PBXBuildFile; fileRef = 32506C0F24F8CC4300010D7B /* FBSDKCoreKit.framework */; };
		32C9BC5124C5DCEA00B3D704 /* GamaFacebookCenter.h in Copy Files */ = {isa = PBXBuildFile; fileRef = E9740F5B2086DE6D0018E1A6 /* GamaFacebookCenter.h */; };
		E9740F792086E40B0018E1A6 /* GamaFacebookImp_V4.m in Sources */ = {isa = PBXBuildFile; fileRef = E9740F562086DE6D0018E1A6 /* GamaFacebookImp_V4.m */; };
		E9740F7A2086E40B0018E1A6 /* FacebookShareDelegateWarper.m in Sources */ = {isa = PBXBuildFile; fileRef = E9740F5A2086DE6D0018E1A6 /* FacebookShareDelegateWarper.m */; };
		E9740F7B2086E40B0018E1A6 /* GamaFacebookCenter.m in Sources */ = {isa = PBXBuildFile; fileRef = E9740F5C2086DE6D0018E1A6 /* GamaFacebookCenter.m */; };
		E9740F7C2086E40B0018E1A6 /* GamaFbLogin+fbBinding.m in Sources */ = {isa = PBXBuildFile; fileRef = E9740F602086DE6D0018E1A6 /* GamaFbLogin+fbBinding.m */; };
		E9740F7D2086E40B0018E1A6 /* GamaFbLogin+fbLogin.m in Sources */ = {isa = PBXBuildFile; fileRef = E9740F622086DE6D0018E1A6 /* GamaFbLogin+fbLogin.m */; };
		E9740F7F2086E40B0018E1A6 /* GamaFacebookPort.m in Sources */ = {isa = PBXBuildFile; fileRef = E9740F662086DE6D0018E1A6 /* GamaFacebookPort.m */; };
		E9740F812086E43A0018E1A6 /* GamaFacebookPort.h in Copy Files */ = {isa = PBXBuildFile; fileRef = E9740F652086DE6D0018E1A6 /* GamaFacebookPort.h */; };
		E97410152086F0150018E1A6 /* GamaFbLogin.m in Sources */ = {isa = PBXBuildFile; fileRef = E97410122086F0120018E1A6 /* GamaFbLogin.m */; };
/* End PBXBuildFile section */

/* Begin PBXCopyFilesBuildPhase section */
		350F19401A08ABD800C2FF3B /* Copy Files */ = {
			isa = PBXCopyFilesBuildPhase;
			buildActionMask = 2147483647;
			dstPath = "include/$(PRODUCT_NAME)";
			dstSubfolderSpec = 16;
			files = (
				32C9BC5124C5DCEA00B3D704 /* GamaFacebookCenter.h in Copy Files */,
				E9740F812086E43A0018E1A6 /* GamaFacebookPort.h in Copy Files */,
			);
			name = "Copy Files";
			runOnlyForDeploymentPostprocessing = 0;
		};
/* End PBXCopyFilesBuildPhase section */

/* Begin PBXFileReference section */
		0032090E21A4180B00062643 /* btn_xm_member_login.png */ = {isa = PBXFileReference; lastKnownFileType = image.png; path = btn_xm_member_login.png; sourceTree = "<group>"; };
		221260CA1E827E5B00258FD4 /* libEfunLogin_DotA.a */ = {isa = PBXFileReference; lastKnownFileType = archive.ar; name = libEfunLogin_DotA.a; path = "../../../../../Library/Developer/Xcode/DerivedData/EfunSDK_iOS_Workspace-bhgtvyogamcgzbcujtswaqweyacy/Build/Products/Debug-iphonesimulator/libEfunLogin_DotA.a"; sourceTree = "<group>"; };
		221260CC1E827E5F00258FD4 /* libEfunCoreFunc_DotA.a */ = {isa = PBXFileReference; lastKnownFileType = archive.ar; name = libEfunCoreFunc_DotA.a; path = "../../EfunCoreFunc/EfunCoreFunc/build/Debug-iphoneos/libEfunCoreFunc_DotA.a"; sourceTree = "<group>"; };
		221260CE1E827E6400258FD4 /* libEfunThirdPlatform_DotA.a */ = {isa = PBXFileReference; lastKnownFileType = archive.ar; name = libEfunThirdPlatform_DotA.a; path = "../../EfunThirdPlatform/EfunThirdPlatform/build/Debug-iphoneos/libEfunThirdPlatform_DotA.a"; sourceTree = "<group>"; };
		225C130F1E6949BB0000E81B /* libEfunCoreFunc_DotA.a */ = {isa = PBXFileReference; lastKnownFileType = archive.ar; name = libEfunCoreFunc_DotA.a; path = "../../../../../Library/Developer/Xcode/DerivedData/EfunSDK_iOS_Workspace-bhgtvyogamcgzbcujtswaqweyacy/Build/Products/Debug-iphonesimulator/libEfunCoreFunc_DotA.a"; sourceTree = "<group>"; };
		225C13111E6949DE0000E81B /* libEfunThirdPlatform_DotA.a */ = {isa = PBXFileReference; lastKnownFileType = archive.ar; name = libEfunThirdPlatform_DotA.a; path = "../../../../../Library/Developer/Xcode/DerivedData/EfunSDK_iOS_Workspace-bhgtvyogamcgzbcujtswaqweyacy/Build/Products/Debug-iphonesimulator/libEfunThirdPlatform_DotA.a"; sourceTree = "<group>"; };
		32506C0D24F8CC4300010D7B /* FBSDKLoginKit.framework */ = {isa = PBXFileReference; lastKnownFileType = wrapper.framework; path = FBSDKLoginKit.framework; sourceTree = "<group>"; };
		32506C0E24F8CC4300010D7B /* FBSDKShareKit.framework */ = {isa = PBXFileReference; lastKnownFileType = wrapper.framework; path = FBSDKShareKit.framework; sourceTree = "<group>"; };
		32506C0F24F8CC4300010D7B /* FBSDKCoreKit.framework */ = {isa = PBXFileReference; lastKnownFileType = wrapper.framework; path = FBSDKCoreKit.framework; sourceTree = "<group>"; };
		350F19421A08ABD800C2FF3B /* libGamaFacebook_DotA.a */ = {isa = PBXFileReference; explicitFileType = archive.ar; includeInIndex = 0; path = libGamaFacebook_DotA.a; sourceTree = BUILT_PRODUCTS_DIR; };
		350F195B1A08AE2B00C2FF3B /* BuildScript.sh */ = {isa = PBXFileReference; fileEncoding = 4; lastKnownFileType = text.script.sh; path = BuildScript.sh; sourceTree = "<group>"; };
		3594B6761A0B4DCE00B92C19 /* CoreGraphics.framework */ = {isa = PBXFileReference; lastKnownFileType = wrapper.framework; name = CoreGraphics.framework; path = System/Library/Frameworks/CoreGraphics.framework; sourceTree = SDKROOT; };
		35A680011A0790C5007D5176 /* Security.framework */ = {isa = PBXFileReference; lastKnownFileType = wrapper.framework; name = Security.framework; path = System/Library/Frameworks/Security.framework; sourceTree = SDKROOT; };
		35A680031A0790C9007D5176 /* SystemConfiguration.framework */ = {isa = PBXFileReference; lastKnownFileType = wrapper.framework; name = SystemConfiguration.framework; path = System/Library/Frameworks/SystemConfiguration.framework; sourceTree = SDKROOT; };
		35A680051A0790CC007D5176 /* AdSupport.framework */ = {isa = PBXFileReference; lastKnownFileType = wrapper.framework; name = AdSupport.framework; path = System/Library/Frameworks/AdSupport.framework; sourceTree = SDKROOT; };
		35A680071A0790D6007D5176 /* UIKit.framework */ = {isa = PBXFileReference; lastKnownFileType = wrapper.framework; name = UIKit.framework; path = System/Library/Frameworks/UIKit.framework; sourceTree = SDKROOT; };
		8443D8841AA2E7A2008973D2 /* Accounts.framework */ = {isa = PBXFileReference; lastKnownFileType = wrapper.framework; name = Accounts.framework; path = System/Library/Frameworks/Accounts.framework; sourceTree = SDKROOT; };
		84591E061BE75F1300278BDC /* QuartzCore.framework */ = {isa = PBXFileReference; lastKnownFileType = wrapper.framework; name = QuartzCore.framework; path = System/Library/Frameworks/QuartzCore.framework; sourceTree = SDKROOT; };
		8471D9501DCB366D00E87C4B /* JavaScriptCore.framework */ = {isa = PBXFileReference; lastKnownFileType = wrapper.framework; name = JavaScriptCore.framework; path = System/Library/Frameworks/JavaScriptCore.framework; sourceTree = SDKROOT; };
		84EAA2921AC2A7DC000B6659 /* MapKit.framework */ = {isa = PBXFileReference; lastKnownFileType = wrapper.framework; name = MapKit.framework; path = System/Library/Frameworks/MapKit.framework; sourceTree = SDKROOT; };
		84EAA2941AC2A7E2000B6659 /* ImageIO.framework */ = {isa = PBXFileReference; lastKnownFileType = wrapper.framework; name = ImageIO.framework; path = System/Library/Frameworks/ImageIO.framework; sourceTree = SDKROOT; };
		E9740F502086DE6D0018E1A6 /* AppDelegate.h */ = {isa = PBXFileReference; fileEncoding = 4; lastKnownFileType = sourcecode.c.h; path = AppDelegate.h; sourceTree = "<group>"; };
		E9740F512086DE6D0018E1A6 /* AppDelegate.m */ = {isa = PBXFileReference; fileEncoding = 4; lastKnownFileType = sourcecode.c.objc; path = AppDelegate.m; sourceTree = "<group>"; };
		E9740F552086DE6D0018E1A6 /* GamaFacebookImp_V4.h */ = {isa = PBXFileReference; fileEncoding = 4; lastKnownFileType = sourcecode.c.h; path = GamaFacebookImp_V4.h; sourceTree = "<group>"; };
		E9740F562086DE6D0018E1A6 /* GamaFacebookImp_V4.m */ = {isa = PBXFileReference; fileEncoding = 4; lastKnownFileType = sourcecode.c.objc; path = GamaFacebookImp_V4.m; sourceTree = "<group>"; };
		E9740F592086DE6D0018E1A6 /* FacebookShareDelegateWarper.h */ = {isa = PBXFileReference; fileEncoding = 4; lastKnownFileType = sourcecode.c.h; path = FacebookShareDelegateWarper.h; sourceTree = "<group>"; };
		E9740F5A2086DE6D0018E1A6 /* FacebookShareDelegateWarper.m */ = {isa = PBXFileReference; fileEncoding = 4; lastKnownFileType = sourcecode.c.objc; path = FacebookShareDelegateWarper.m; sourceTree = "<group>"; };
		E9740F5B2086DE6D0018E1A6 /* GamaFacebookCenter.h */ = {isa = PBXFileReference; fileEncoding = 4; lastKnownFileType = sourcecode.c.h; path = GamaFacebookCenter.h; sourceTree = "<group>"; };
		E9740F5C2086DE6D0018E1A6 /* GamaFacebookCenter.m */ = {isa = PBXFileReference; fileEncoding = 4; lastKnownFileType = sourcecode.c.objc; path = GamaFacebookCenter.m; sourceTree = "<group>"; };
		E9740F5D2086DE6D0018E1A6 /* GamaFacebookInfo.h */ = {isa = PBXFileReference; fileEncoding = 4; lastKnownFileType = sourcecode.c.h; path = GamaFacebookInfo.h; sourceTree = "<group>"; };
		E9740F5F2086DE6D0018E1A6 /* GamaFbLogin+fbBinding.h */ = {isa = PBXFileReference; fileEncoding = 4; lastKnownFileType = sourcecode.c.h; path = "GamaFbLogin+fbBinding.h"; sourceTree = "<group>"; };
		E9740F602086DE6D0018E1A6 /* GamaFbLogin+fbBinding.m */ = {isa = PBXFileReference; fileEncoding = 4; lastKnownFileType = sourcecode.c.objc; path = "GamaFbLogin+fbBinding.m"; sourceTree = "<group>"; };
		E9740F612086DE6D0018E1A6 /* GamaFbLogin+fbLogin.h */ = {isa = PBXFileReference; fileEncoding = 4; lastKnownFileType = sourcecode.c.h; path = "GamaFbLogin+fbLogin.h"; sourceTree = "<group>"; };
		E9740F622086DE6D0018E1A6 /* GamaFbLogin+fbLogin.m */ = {isa = PBXFileReference; fileEncoding = 4; lastKnownFileType = sourcecode.c.objc; path = "GamaFbLogin+fbLogin.m"; sourceTree = "<group>"; };
		E9740F652086DE6D0018E1A6 /* GamaFacebookPort.h */ = {isa = PBXFileReference; fileEncoding = 4; lastKnownFileType = sourcecode.c.h; path = GamaFacebookPort.h; sourceTree = "<group>"; };
		E9740F662086DE6D0018E1A6 /* GamaFacebookPort.m */ = {isa = PBXFileReference; fileEncoding = 4; lastKnownFileType = sourcecode.c.objc; path = GamaFacebookPort.m; sourceTree = "<group>"; };
		E9740F672086DE6D0018E1A6 /* Images.xcassets */ = {isa = PBXFileReference; lastKnownFileType = folder.assetcatalog; path = Images.xcassets; sourceTree = "<group>"; };
		E9740F682086DE6D0018E1A6 /* Info.plist */ = {isa = PBXFileReference; fileEncoding = 4; lastKnownFileType = text.plist.xml; path = Info.plist; sourceTree = "<group>"; };
		E9740F692086DE6D0018E1A6 /* main.m */ = {isa = PBXFileReference; fileEncoding = 4; lastKnownFileType = sourcecode.c.objc; path = main.m; sourceTree = "<group>"; };
		E9740F6A2086DE6D0018E1A6 /* ViewController.h */ = {isa = PBXFileReference; fileEncoding = 4; lastKnownFileType = sourcecode.c.h; path = ViewController.h; sourceTree = "<group>"; };
		E9740F6B2086DE6D0018E1A6 /* ViewController.m */ = {isa = PBXFileReference; fileEncoding = 4; lastKnownFileType = sourcecode.c.objc; path = ViewController.m; sourceTree = "<group>"; };
		E97410122086F0120018E1A6 /* GamaFbLogin.m */ = {isa = PBXFileReference; fileEncoding = 4; lastKnownFileType = sourcecode.c.objc; path = GamaFbLogin.m; sourceTree = "<group>"; };
		E97410132086F0120018E1A6 /* GamaFbLogin.h */ = {isa = PBXFileReference; fileEncoding = 4; lastKnownFileType = sourcecode.c.h; path = GamaFbLogin.h; sourceTree = "<group>"; };
		E9E26B6F214A401E00907BD5 /* Default-iOS11-812h@3x.png */ = {isa = PBXFileReference; lastKnownFileType = image.png; path = "Default-iOS11-812h@3x.png"; sourceTree = "<group>"; };
		E9E26B70214A401E00907BD5 /* Default-568h@2x.png */ = {isa = PBXFileReference; lastKnownFileType = image.png; path = "Default-568h@2x.png"; sourceTree = "<group>"; };
		E9E26B73214A43C300907BD5 /* libGamaThirdPlatform_DotA.a */ = {isa = PBXFileReference; explicitFileType = archive.ar; path = libGamaThirdPlatform_DotA.a; sourceTree = BUILT_PRODUCTS_DIR; };
/* End PBXFileReference section */

/* Begin PBXFrameworksBuildPhase section */
		350F193F1A08ABD800C2FF3B /* Frameworks */ = {
			isa = PBXFrameworksBuildPhase;
			buildActionMask = 2147483647;
			files = (
				32506C1324F8CC4300010D7B /* FBSDKShareKit.framework in Frameworks */,
				32506C1524F8CC4300010D7B /* FBSDKCoreKit.framework in Frameworks */,
				32506C1124F8CC4300010D7B /* FBSDKLoginKit.framework in Frameworks */,
			);
			runOnlyForDeploymentPostprocessing = 0;
		};
/* End PBXFrameworksBuildPhase section */

/* Begin PBXGroup section */
		32506C0C24F8CC4300010D7B /* FacebookSDK_Static_v7.1.1 */ = {
			isa = PBXGroup;
			children = (
				32506C0D24F8CC4300010D7B /* FBSDKLoginKit.framework */,
				32506C0E24F8CC4300010D7B /* FBSDKShareKit.framework */,
				32506C0F24F8CC4300010D7B /* FBSDKCoreKit.framework */,
			);
			name = FacebookSDK_Static_v7.1.1;
			path = ../../GamaSDK_iOS_Integration/Classes/Resources/ThirkLib/Facebook/FacebookSDK_Static_v7.1.1;
			sourceTree = "<group>";
		};
		35A67F811A07884E007D5176 = {
			isa = PBXGroup;
			children = (
				32506C0C24F8CC4300010D7B /* FacebookSDK_Static_v7.1.1 */,
				350F195B1A08AE2B00C2FF3B /* BuildScript.sh */,
				E9740F4F2086DE6D0018E1A6 /* GamaFacebook */,
				35A67F8B1A07884E007D5176 /* Products */,
				8471D94F1DCB366D00E87C4B /* Frameworks */,
			);
			sourceTree = "<group>";
		};
		35A67F8B1A07884E007D5176 /* Products */ = {
			isa = PBXGroup;
			children = (
				350F19421A08ABD800C2FF3B /* libGamaFacebook_DotA.a */,
			);
			name = Products;
			sourceTree = "<group>";
		};
		8460E3CF1AA5957B00DF97F1 /* Framework */ = {
			isa = PBXGroup;
			children = (
				84591E061BE75F1300278BDC /* QuartzCore.framework */,
				84EAA2941AC2A7E2000B6659 /* ImageIO.framework */,
				84EAA2921AC2A7DC000B6659 /* MapKit.framework */,
				8443D8841AA2E7A2008973D2 /* Accounts.framework */,
				3594B6761A0B4DCE00B92C19 /* CoreGraphics.framework */,
				35A680071A0790D6007D5176 /* UIKit.framework */,
				35A680051A0790CC007D5176 /* AdSupport.framework */,
				35A680031A0790C9007D5176 /* SystemConfiguration.framework */,
				35A680011A0790C5007D5176 /* Security.framework */,
			);
			name = Framework;
			sourceTree = "<group>";
		};
		8471D94F1DCB366D00E87C4B /* Frameworks */ = {
			isa = PBXGroup;
			children = (
				8460E3CF1AA5957B00DF97F1 /* Framework */,
				221260CE1E827E6400258FD4 /* libEfunThirdPlatform_DotA.a */,
				221260CC1E827E5F00258FD4 /* libEfunCoreFunc_DotA.a */,
				E9E26B73214A43C300907BD5 /* libGamaThirdPlatform_DotA.a */,
				221260CA1E827E5B00258FD4 /* libEfunLogin_DotA.a */,
				225C13111E6949DE0000E81B /* libEfunThirdPlatform_DotA.a */,
				225C130F1E6949BB0000E81B /* libEfunCoreFunc_DotA.a */,
				8471D9501DCB366D00E87C4B /* JavaScriptCore.framework */,
			);
			name = Frameworks;
			sourceTree = "<group>";
		};
		E9740F4F2086DE6D0018E1A6 /* GamaFacebook */ = {
			isa = PBXGroup;
			children = (
				0032090E21A4180B00062643 /* btn_xm_member_login.png */,
				E9E26B70214A401E00907BD5 /* Default-568h@2x.png */,
				E9E26B6F214A401E00907BD5 /* Default-iOS11-812h@3x.png */,
				E9740F502086DE6D0018E1A6 /* AppDelegate.h */,
				E9740F512086DE6D0018E1A6 /* AppDelegate.m */,
				E9740F522086DE6D0018E1A6 /* GamaFacebook */,
				E9740F672086DE6D0018E1A6 /* Images.xcassets */,
				E9740F682086DE6D0018E1A6 /* Info.plist */,
				E9740F692086DE6D0018E1A6 /* main.m */,
				E9740F6A2086DE6D0018E1A6 /* ViewController.h */,
				E9740F6B2086DE6D0018E1A6 /* ViewController.m */,
			);
			path = GamaFacebook;
			sourceTree = "<group>";
		};
		E9740F522086DE6D0018E1A6 /* GamaFacebook */ = {
			isa = PBXGroup;
			children = (
				E9740F532086DE6D0018E1A6 /* FbCenter */,
				E9740F5E2086DE6D0018E1A6 /* FbLogin */,
				E9740F652086DE6D0018E1A6 /* GamaFacebookPort.h */,
				E9740F662086DE6D0018E1A6 /* GamaFacebookPort.m */,
			);
			path = GamaFacebook;
			sourceTree = "<group>";
		};
		E9740F532086DE6D0018E1A6 /* FbCenter */ = {
			isa = PBXGroup;
			children = (
				E9740F542086DE6D0018E1A6 /* FacebookImp */,
				E9740F592086DE6D0018E1A6 /* FacebookShareDelegateWarper.h */,
				E9740F5A2086DE6D0018E1A6 /* FacebookShareDelegateWarper.m */,
				E9740F5B2086DE6D0018E1A6 /* GamaFacebookCenter.h */,
				E9740F5C2086DE6D0018E1A6 /* GamaFacebookCenter.m */,
				E9740F5D2086DE6D0018E1A6 /* GamaFacebookInfo.h */,
			);
			path = FbCenter;
			sourceTree = "<group>";
		};
		E9740F542086DE6D0018E1A6 /* FacebookImp */ = {
			isa = PBXGroup;
			children = (
				E9740F552086DE6D0018E1A6 /* GamaFacebookImp_V4.h */,
				E9740F562086DE6D0018E1A6 /* GamaFacebookImp_V4.m */,
			);
			path = FacebookImp;
			sourceTree = "<group>";
		};
		E9740F5E2086DE6D0018E1A6 /* FbLogin */ = {
			isa = PBXGroup;
			children = (
				E9740F5F2086DE6D0018E1A6 /* GamaFbLogin+fbBinding.h */,
				E9740F602086DE6D0018E1A6 /* GamaFbLogin+fbBinding.m */,
				E9740F612086DE6D0018E1A6 /* GamaFbLogin+fbLogin.h */,
				E9740F622086DE6D0018E1A6 /* GamaFbLogin+fbLogin.m */,
				E97410132086F0120018E1A6 /* GamaFbLogin.h */,
				E97410122086F0120018E1A6 /* GamaFbLogin.m */,
			);
			path = FbLogin;
			sourceTree = "<group>";
		};
/* End PBXGroup section */

/* Begin PBXNativeTarget section */
		350F19411A08ABD800C2FF3B /* GamaFacebook_DotA */ = {
			isa = PBXNativeTarget;
			buildConfigurationList = 350F19501A08ABD800C2FF3B /* Build configuration list for PBXNativeTarget "GamaFacebook_DotA" */;
			buildPhases = (
				350F193E1A08ABD800C2FF3B /* Sources */,
				350F193F1A08ABD800C2FF3B /* Frameworks */,
				350F19401A08ABD800C2FF3B /* Copy Files */,
			);
			buildRules = (
			);
			dependencies = (
			);
			name = GamaFacebook_DotA;
			productName = EfunLogin_DotA;
			productReference = 350F19421A08ABD800C2FF3B /* libGamaFacebook_DotA.a */;
			productType = "com.apple.product-type.library.static";
		};
/* End PBXNativeTarget section */

/* Begin PBXProject section */
		35A67F821A07884E007D5176 /* Project object */ = {
			isa = PBXProject;
			attributes = {
				LastUpgradeCheck = 0720;
				ORGANIZATIONNAME = Gama;
				TargetAttributes = {
					350F19411A08ABD800C2FF3B = {
						CreatedOnToolsVersion = 6.0.1;
					};
					350F19561A08AE1500C2FF3B = {
						CreatedOnToolsVersion = 6.0.1;
					};
				};
			};
			buildConfigurationList = 35A67F851A07884E007D5176 /* Build configuration list for PBXProject "GamaFacebook" */;
			compatibilityVersion = "Xcode 3.2";
			developmentRegion = English;
			hasScannedForEncodings = 0;
			knownRegions = (
				English,
				en,
				Base,
			);
			mainGroup = 35A67F811A07884E007D5176;
			productRefGroup = 35A67F8B1A07884E007D5176 /* Products */;
			projectDirPath = "";
			projectRoot = "";
			targets = (
				350F19411A08ABD800C2FF3B /* GamaFacebook_DotA */,
				350F19561A08AE1500C2FF3B /* GamaFacebook_Builder */,
			);
		};
/* End PBXProject section */

/* Begin PBXShellScriptBuildPhase section */
		350F195A1A08AE1D00C2FF3B /* ShellScript */ = {
			isa = PBXShellScriptBuildPhase;
			buildActionMask = 2147483647;
			files = (
			);
			inputPaths = (
			);
			outputPaths = (
			);
			runOnlyForDeploymentPostprocessing = 0;
			shellPath = /bin/sh;
			shellScript = "chmod 755 \"$PROJECT_DIR/BuildScript.sh\"\n\"$PROJECT_DIR/BuildScript.sh\"";
		};
/* End PBXShellScriptBuildPhase section */

/* Begin PBXSourcesBuildPhase section */
		350F193E1A08ABD800C2FF3B /* Sources */ = {
			isa = PBXSourcesBuildPhase;
			buildActionMask = 2147483647;
			files = (
				E97410152086F0150018E1A6 /* GamaFbLogin.m in Sources */,
				E9740F7B2086E40B0018E1A6 /* GamaFacebookCenter.m in Sources */,
				E9740F7D2086E40B0018E1A6 /* GamaFbLogin+fbLogin.m in Sources */,
				E9740F7F2086E40B0018E1A6 /* GamaFacebookPort.m in Sources */,
				E9740F792086E40B0018E1A6 /* GamaFacebookImp_V4.m in Sources */,
				E9740F7A2086E40B0018E1A6 /* FacebookShareDelegateWarper.m in Sources */,
				E9740F7C2086E40B0018E1A6 /* GamaFbLogin+fbBinding.m in Sources */,
			);
			runOnlyForDeploymentPostprocessing = 0;
		};
/* End PBXSourcesBuildPhase section */

/* Begin XCBuildConfiguration section */
		350F19511A08ABD800C2FF3B /* Debug */ = {
			isa = XCBuildConfiguration;
			buildSettings = {
				ALWAYS_SEARCH_USER_PATHS = NO;
				CLANG_ENABLE_OBJC_ARC = NO;
				ENABLE_BITCODE = NO;
				FRAMEWORK_SEARCH_PATHS = (
					"$(inherited)",
					"$(SRCROOT)/../../GamaSDK_iOS_Integration/Classes/Resources/ThirkLib/Facebook/FacebookSDK_Static_v7.1.1/",
				);
				GCC_PREFIX_HEADER = "$(SRCROOT)/../../WorkProjResources/GamaCommonHeader.h";
				GCC_PREPROCESSOR_DEFINITIONS = (
					"DEBUG=1",
					"$(inherited)",
				);
				IPHONEOS_DEPLOYMENT_TARGET = 8.0;
				LIBRARY_SEARCH_PATHS = "$(inherited)";
				ONLY_ACTIVE_ARCH = NO;
				OTHER_LDFLAGS = "-ObjC";
				PRODUCT_NAME = GamaFacebook_DotA;
				SDKROOT = iphoneos;
				SKIP_INSTALL = YES;
				USER_HEADER_SEARCH_PATHS = "";
				VALID_ARCHS = "arm64 armv7 armv7s arm64e x86_64 i386";
			};
			name = Debug;
		};
		350F19521A08ABD800C2FF3B /* Release */ = {
			isa = XCBuildConfiguration;
			buildSettings = {
				ALWAYS_SEARCH_USER_PATHS = NO;
				CLANG_ENABLE_OBJC_ARC = NO;
				ENABLE_BITCODE = NO;
				"EXCLUDED_ARCHS[sdk=iphonesimulator*]" = arm64;
				FRAMEWORK_SEARCH_PATHS = (
					"$(inherited)",
					"$(SRCROOT)/../../GamaSDK_iOS_Integration/Classes/Resources/ThirkLib/Facebook/FacebookSDK_Static_v7.1.1/",
				);
				GCC_PREFIX_HEADER = "$(SRCROOT)/../../WorkProjResources/GamaCommonHeader.h";
				IPHONEOS_DEPLOYMENT_TARGET = 8.0;
				LIBRARY_SEARCH_PATHS = "$(inherited)";
				ONLY_ACTIVE_ARCH = NO;
				OTHER_LDFLAGS = "-ObjC";
				PRODUCT_NAME = GamaFacebook_DotA;
				SDKROOT = iphoneos;
				SKIP_INSTALL = YES;
				USER_HEADER_SEARCH_PATHS = "";
				VALID_ARCHS = "arm64 armv7 armv7s arm64e x86_64 i386";
			};
			name = Release;
		};
		350F19581A08AE1500C2FF3B /* Debug */ = {
			isa = XCBuildConfiguration;
			buildSettings = {
				ENABLE_BITCODE = NO;
				IPHONEOS_DEPLOYMENT_TARGET = 8.0;
				MACH_O_TYPE = staticlib;
				PRODUCT_NAME = GamaFacebook_Builder;
				SDKROOT = iphoneos;
				VALID_ARCHS = "arm64 armv7 armv7s arm64e x86_64 i386";
			};
			name = Debug;
		};
		350F19591A08AE1500C2FF3B /* Release */ = {
			isa = XCBuildConfiguration;
			buildSettings = {
				ENABLE_BITCODE = NO;
				IPHONEOS_DEPLOYMENT_TARGET = 8.0;
				MACH_O_TYPE = staticlib;
				ONLY_ACTIVE_ARCH = NO;
				PRODUCT_NAME = GamaFacebook_Builder;
				SDKROOT = iphoneos;
				VALID_ARCHS = "arm64 armv7 armv7s arm64e x86_64 i386";
			};
			name = Release;
		};
		35A67FAB1A078853007D5176 /* Debug */ = {
			isa = XCBuildConfiguration;
			buildSettings = {
				ALWAYS_SEARCH_USER_PATHS = NO;
				CLANG_CXX_LANGUAGE_STANDARD = "gnu++0x";
				CLANG_CXX_LIBRARY = "libc++";
				CLANG_ENABLE_MODULES = YES;
				CLANG_ENABLE_OBJC_ARC = NO;
				CLANG_MODULES_AUTOLINK = NO;
				CLANG_WARN_BOOL_CONVERSION = YES;
				CLANG_WARN_CONSTANT_CONVERSION = YES;
				CLANG_WARN_DIRECT_OBJC_ISA_USAGE = YES_ERROR;
				CLANG_WARN_EMPTY_BODY = YES;
				CLANG_WARN_ENUM_CONVERSION = YES;
				CLANG_WARN_INT_CONVERSION = YES;
				CLANG_WARN_OBJC_ROOT_CLASS = YES_ERROR;
				CLANG_WARN_UNREACHABLE_CODE = YES;
				CLANG_WARN__DUPLICATE_METHOD_MATCH = YES;
				"CODE_SIGN_IDENTITY[sdk=iphoneos*]" = "iPhone Developer";
				COPY_PHASE_STRIP = NO;
				ENABLE_STRICT_OBJC_MSGSEND = YES;
				ENABLE_TESTABILITY = YES;
				GCC_C_LANGUAGE_STANDARD = gnu99;
				GCC_DYNAMIC_NO_PIC = NO;
				GCC_OPTIMIZATION_LEVEL = 0;
				GCC_PRECOMPILE_PREFIX_HEADER = YES;
				GCC_PREFIX_HEADER = "/Users/song/SPY/CodeLabs/Git-out/WorkProjResources/SPCommonHeader.h";
				GCC_PREPROCESSOR_DEFINITIONS = (
					"DEBUG=1",
					"$(inherited)",
				);
				GCC_SYMBOLS_PRIVATE_EXTERN = NO;
				GCC_WARN_64_TO_32_BIT_CONVERSION = YES;
				GCC_WARN_ABOUT_RETURN_TYPE = YES_ERROR;
				GCC_WARN_UNDECLARED_SELECTOR = YES;
				GCC_WARN_UNINITIALIZED_AUTOS = YES_AGGRESSIVE;
				GCC_WARN_UNUSED_FUNCTION = YES;
				GCC_WARN_UNUSED_VARIABLE = YES;
				IPHONEOS_DEPLOYMENT_TARGET = 6.0;
				MTL_ENABLE_DEBUG_INFO = YES;
				ONLY_ACTIVE_ARCH = YES;
				SDKROOT = iphoneos;
				TARGETED_DEVICE_FAMILY = "1,2";
				VALID_ARCHS = "arm64 armv7 armv7s x86_64 i386";
			};
			name = Debug;
		};
		35A67FAC1A078853007D5176 /* Release */ = {
			isa = XCBuildConfiguration;
			buildSettings = {
				ALWAYS_SEARCH_USER_PATHS = NO;
				CLANG_CXX_LANGUAGE_STANDARD = "gnu++0x";
				CLANG_CXX_LIBRARY = "libc++";
				CLANG_ENABLE_MODULES = YES;
				CLANG_ENABLE_OBJC_ARC = NO;
				CLANG_MODULES_AUTOLINK = NO;
				CLANG_WARN_BOOL_CONVERSION = YES;
				CLANG_WARN_CONSTANT_CONVERSION = YES;
				CLANG_WARN_DIRECT_OBJC_ISA_USAGE = YES_ERROR;
				CLANG_WARN_EMPTY_BODY = YES;
				CLANG_WARN_ENUM_CONVERSION = YES;
				CLANG_WARN_INT_CONVERSION = YES;
				CLANG_WARN_OBJC_ROOT_CLASS = YES_ERROR;
				CLANG_WARN_UNREACHABLE_CODE = YES;
				CLANG_WARN__DUPLICATE_METHOD_MATCH = YES;
				"CODE_SIGN_IDENTITY[sdk=iphoneos*]" = "iPhone Developer";
				COPY_PHASE_STRIP = YES;
				ENABLE_NS_ASSERTIONS = NO;
				ENABLE_STRICT_OBJC_MSGSEND = YES;
				GCC_C_LANGUAGE_STANDARD = gnu99;
				GCC_PRECOMPILE_PREFIX_HEADER = YES;
				GCC_PREFIX_HEADER = "/Users/song/SPY/CodeLabs/Git-out/WorkProjResources/SPCommonHeader.h";
				GCC_WARN_64_TO_32_BIT_CONVERSION = YES;
				GCC_WARN_ABOUT_RETURN_TYPE = YES_ERROR;
				GCC_WARN_UNDECLARED_SELECTOR = YES;
				GCC_WARN_UNINITIALIZED_AUTOS = YES_AGGRESSIVE;
				GCC_WARN_UNUSED_FUNCTION = YES;
				GCC_WARN_UNUSED_VARIABLE = YES;
				IPHONEOS_DEPLOYMENT_TARGET = 6.0;
				MTL_ENABLE_DEBUG_INFO = NO;
				SDKROOT = iphoneos;
				TARGETED_DEVICE_FAMILY = "1,2";
				VALIDATE_PRODUCT = YES;
				VALID_ARCHS = "arm64 armv7 armv7s x86_64 i386";
			};
			name = Release;
		};
/* End XCBuildConfiguration section */

/* Begin XCConfigurationList section */
		350F19501A08ABD800C2FF3B /* Build configuration list for PBXNativeTarget "GamaFacebook_DotA" */ = {
			isa = XCConfigurationList;
			buildConfigurations = (
				350F19511A08ABD800C2FF3B /* Debug */,
				350F19521A08ABD800C2FF3B /* Release */,
			);
			defaultConfigurationIsVisible = 0;
			defaultConfigurationName = Release;
		};
		350F19571A08AE1500C2FF3B /* Build configuration list for PBXAggregateTarget "GamaFacebook_Builder" */ = {
			isa = XCConfigurationList;
			buildConfigurations = (
				350F19581A08AE1500C2FF3B /* Debug */,
				350F19591A08AE1500C2FF3B /* Release */,
			);
			defaultConfigurationIsVisible = 0;
			defaultConfigurationName = Release;
		};
		35A67F851A07884E007D5176 /* Build configuration list for PBXProject "GamaFacebook" */ = {
			isa = XCConfigurationList;
			buildConfigurations = (
				35A67FAB1A078853007D5176 /* Debug */,
				35A67FAC1A078853007D5176 /* Release */,
			);
			defaultConfigurationIsVisible = 0;
			defaultConfigurationName = Release;
		};
/* End XCConfigurationList section */
	};
	rootObject = 35A67F821A07884E007D5176 /* Project object */;
}
