// !$*UTF8*$!
{
	archiveVersion = 1;
	classes = {
	};
	objectVersion = 46;
	objects = {

/* Begin PBXAggregateTarget section */
		35B0FE7D1A071680006F5435 /* GamaCoreFunc_Builder */ = {
			isa = PBXAggregateTarget;
			buildConfigurationList = 35B0FE7E1A071680006F5435 /* Build configuration list for PBXAggregateTarget "GamaCoreFunc_Builder" */;
			buildPhases = (
				35B0FE811A071685006F5435 /* ShellScript */,
				35B0FE871A072090006F5435 /* Copy Files */,
			);
			dependencies = (
			);
			name = GamaCoreFunc_Builder;
			productName = EfunCoreFunc_Builder;
		};
/* End PBXAggregateTarget section */

/* Begin PBXBuildFile section */
		35387F321D913FF700B17EF9 /* JavaScriptCore.framework in Frameworks */ = {isa = PBXBuildFile; fileRef = 35387F311D913FF700B17EF9 /* JavaScriptCore.framework */; settings = {ATTRIBUTES = (Weak, ); }; };
		35787A9F1D98FF53007149C3 /* libz.1.tbd in Frameworks */ = {isa = PBXBuildFile; fileRef = 35787A9E1D98FF53007149C3 /* libz.1.tbd */; };
		35A67F451A0757D3007D5176 /* AdSupport.framework in Frameworks */ = {isa = PBXBuildFile; fileRef = 35A67F441A0757D3007D5176 /* AdSupport.framework */; };
		35A67F4A1A0759A4007D5176 /* UIKit.framework in Frameworks */ = {isa = PBXBuildFile; fileRef = 35A67F491A0759A4007D5176 /* UIKit.framework */; };
		35A67F4C1A075A19007D5176 /* SystemConfiguration.framework in Frameworks */ = {isa = PBXBuildFile; fileRef = 35A67F4B1A075A19007D5176 /* SystemConfiguration.framework */; };
		35A67F4E1A075A33007D5176 /* Security.framework in Frameworks */ = {isa = PBXBuildFile; fileRef = 35A67F4D1A075A33007D5176 /* Security.framework */; };
		E9537EE12085D82500B08573 /* GamaAlertView.h in Copy Files */ = {isa = PBXBuildFile; fileRef = E9537EAB2085D82500B08573 /* GamaAlertView.h */; };
		E9537EE32085D82500B08573 /* GamaAlertViewDelegate.h in Copy Files */ = {isa = PBXBuildFile; fileRef = E9537EAD2085D82500B08573 /* GamaAlertViewDelegate.h */; };
		E9537EE92085D82500B08573 /* GamaView.h in Copy Files */ = {isa = PBXBuildFile; fileRef = E9537EB42085D82500B08573 /* GamaView.h */; };
		E9537EEB2085D82600B08573 /* GamaCentreInfo.h in Copy Files */ = {isa = PBXBuildFile; fileRef = E9537EB62085D82500B08573 /* GamaCentreInfo.h */; };
		E9537EED2085D82600B08573 /* GamaCoreConfReader.h in Copy Files */ = {isa = PBXBuildFile; fileRef = E9537EB82085D82500B08573 /* GamaCoreConfReader.h */; };
		E9537EEF2085D82600B08573 /* SdkUserInfoModel.h in Copy Files */ = {isa = PBXBuildFile; fileRef = E9537EBB2085D82500B08573 /* SdkUserInfoModel.h */; };
		E9537EF12085D82600B08573 /* GamaSecurity.h in Copy Files */ = {isa = PBXBuildFile; fileRef = E9537EBE2085D82500B08573 /* GamaSecurity.h */; };
		E9537EF32085D82600B08573 /* GamaSecurityFunction.h in Copy Files */ = {isa = PBXBuildFile; fileRef = E9537EC02085D82500B08573 /* GamaSecurityFunction.h */; };
		E9537EF52085D82600B08573 /* GamaFunction.h in Copy Files */ = {isa = PBXBuildFile; fileRef = E9537EC22085D82500B08573 /* GamaFunction.h */; };
		E9537EFD2085D82600B08573 /* NSString+GamaSStringAddition.h in Copy Files */ = {isa = PBXBuildFile; fileRef = E9537ECB2085D82500B08573 /* NSString+GamaSStringAddition.h */; };
		E9537EFF2085D82600B08573 /* NSString+GamaURLEncoding.h in Copy Files */ = {isa = PBXBuildFile; fileRef = E9537ECD2085D82500B08573 /* NSString+GamaURLEncoding.h */; };
		E9537F012085D82600B08573 /* UIImage+GamaBundleImage.h in Copy Files */ = {isa = PBXBuildFile; fileRef = E9537ECF2085D82500B08573 /* UIImage+GamaBundleImage.h */; };
		E9537F032085D82600B08573 /* GamaRequestor.h in Copy Files */ = {isa = PBXBuildFile; fileRef = E9537ED22085D82500B08573 /* GamaRequestor.h */; };
		E9537F072085D82600B08573 /* GamaURLConnect.h in Copy Files */ = {isa = PBXBuildFile; fileRef = E9537ED72085D82500B08573 /* GamaURLConnect.h */; };
		E9537F0F2085DA6E00B08573 /* GamaCentreInfo.m in Sources */ = {isa = PBXBuildFile; fileRef = E9537EB72085D82500B08573 /* GamaCentreInfo.m */; };
		E9537F102085DA7600B08573 /* GamaAlertView.m in Sources */ = {isa = PBXBuildFile; fileRef = E9537EAC2085D82500B08573 /* GamaAlertView.m */; };
		E9537F112085DA7800B08573 /* GamaAlertViewDelegate.m in Sources */ = {isa = PBXBuildFile; fileRef = E9537EAE2085D82500B08573 /* GamaAlertViewDelegate.m */; };
		E9537F122085DA7A00B08573 /* UIAlertController+Gama.m in Sources */ = {isa = PBXBuildFile; fileRef = E9537EB02085D82500B08573 /* UIAlertController+Gama.m */; };
		E9537F142085DA8100B08573 /* GamaView.m in Sources */ = {isa = PBXBuildFile; fileRef = E9537EB52085D82500B08573 /* GamaView.m */; };
		E9537F152085DAB900B08573 /* GamaAlertView.m in Sources */ = {isa = PBXBuildFile; fileRef = E9537EAC2085D82500B08573 /* GamaAlertView.m */; };
		E9537F162085DABC00B08573 /* GamaAlertViewDelegate.m in Sources */ = {isa = PBXBuildFile; fileRef = E9537EAE2085D82500B08573 /* GamaAlertViewDelegate.m */; };
		E9537F172085DABF00B08573 /* UIAlertController+Gama.m in Sources */ = {isa = PBXBuildFile; fileRef = E9537EB02085D82500B08573 /* UIAlertController+Gama.m */; };
		E9537F192085DAC800B08573 /* GamaView.m in Sources */ = {isa = PBXBuildFile; fileRef = E9537EB52085D82500B08573 /* GamaView.m */; };
		E9537F1A2085DACB00B08573 /* GamaCentreInfo.m in Sources */ = {isa = PBXBuildFile; fileRef = E9537EB72085D82500B08573 /* GamaCentreInfo.m */; };
		E9537F1B2085DACE00B08573 /* GamaCoreConfReader.m in Sources */ = {isa = PBXBuildFile; fileRef = E9537EB92085D82500B08573 /* GamaCoreConfReader.m */; };
		E9537F1C2085DACE00B08573 /* GamaCoreConfReader.m in Sources */ = {isa = PBXBuildFile; fileRef = E9537EB92085D82500B08573 /* GamaCoreConfReader.m */; };
		E9537F1D2085DAD200B08573 /* SdkUserInfoModel.m in Sources */ = {isa = PBXBuildFile; fileRef = E9537EBC2085D82500B08573 /* SdkUserInfoModel.m */; };
		E9537F1E2085DAD200B08573 /* SdkUserInfoModel.m in Sources */ = {isa = PBXBuildFile; fileRef = E9537EBC2085D82500B08573 /* SdkUserInfoModel.m */; };
		E9537F1F2085DAD600B08573 /* GamaSecurity.m in Sources */ = {isa = PBXBuildFile; fileRef = E9537EBF2085D82500B08573 /* GamaSecurity.m */; };
		E9537F202085DAD600B08573 /* GamaSecurity.m in Sources */ = {isa = PBXBuildFile; fileRef = E9537EBF2085D82500B08573 /* GamaSecurity.m */; };
		E9537F212085DAD800B08573 /* GamaSecurityFunction.m in Sources */ = {isa = PBXBuildFile; fileRef = E9537EC12085D82500B08573 /* GamaSecurityFunction.m */; };
		E9537F222085DAD800B08573 /* GamaSecurityFunction.m in Sources */ = {isa = PBXBuildFile; fileRef = E9537EC12085D82500B08573 /* GamaSecurityFunction.m */; };
		E9537F232085DADB00B08573 /* GamaFunction.m in Sources */ = {isa = PBXBuildFile; fileRef = E9537EC32085D82500B08573 /* GamaFunction.m */; };
		E9537F242085DADB00B08573 /* GamaFunction.m in Sources */ = {isa = PBXBuildFile; fileRef = E9537EC32085D82500B08573 /* GamaFunction.m */; };
		E9537F252085DADF00B08573 /* GamaCfUUID.m in Sources */ = {isa = PBXBuildFile; fileRef = E9537EC62085D82500B08573 /* GamaCfUUID.m */; };
		E9537F262085DAE000B08573 /* GamaCfUUID.m in Sources */ = {isa = PBXBuildFile; fileRef = E9537EC62085D82500B08573 /* GamaCfUUID.m */; };
		E9537F272085DAE600B08573 /* GamaKeychainItemWrapper.m in Sources */ = {isa = PBXBuildFile; fileRef = E9537EC82085D82500B08573 /* GamaKeychainItemWrapper.m */; };
		E9537F282085DAE600B08573 /* GamaPrivateKeychainCfUUID.m in Sources */ = {isa = PBXBuildFile; fileRef = E9537ECA2085D82500B08573 /* GamaPrivateKeychainCfUUID.m */; };
		E9537F292085DAE600B08573 /* NSString+GamaSStringAddition.m in Sources */ = {isa = PBXBuildFile; fileRef = E9537ECC2085D82500B08573 /* NSString+GamaSStringAddition.m */; };
		E9537F2A2085DAE600B08573 /* NSString+GamaURLEncoding.m in Sources */ = {isa = PBXBuildFile; fileRef = E9537ECE2085D82500B08573 /* NSString+GamaURLEncoding.m */; };
		E9537F2B2085DAE600B08573 /* UIImage+GamaBundleImage.m in Sources */ = {isa = PBXBuildFile; fileRef = E9537ED02085D82500B08573 /* UIImage+GamaBundleImage.m */; };
		E9537F2C2085DAE600B08573 /* GamaKeychainItemWrapper.m in Sources */ = {isa = PBXBuildFile; fileRef = E9537EC82085D82500B08573 /* GamaKeychainItemWrapper.m */; };
		E9537F2D2085DAE600B08573 /* GamaPrivateKeychainCfUUID.m in Sources */ = {isa = PBXBuildFile; fileRef = E9537ECA2085D82500B08573 /* GamaPrivateKeychainCfUUID.m */; };
		E9537F2E2085DAE600B08573 /* NSString+GamaSStringAddition.m in Sources */ = {isa = PBXBuildFile; fileRef = E9537ECC2085D82500B08573 /* NSString+GamaSStringAddition.m */; };
		E9537F2F2085DAE600B08573 /* NSString+GamaURLEncoding.m in Sources */ = {isa = PBXBuildFile; fileRef = E9537ECE2085D82500B08573 /* NSString+GamaURLEncoding.m */; };
		E9537F302085DAE600B08573 /* UIImage+GamaBundleImage.m in Sources */ = {isa = PBXBuildFile; fileRef = E9537ED02085D82500B08573 /* UIImage+GamaBundleImage.m */; };
		E9537F312085DAF300B08573 /* GamaRequestor.m in Sources */ = {isa = PBXBuildFile; fileRef = E9537ED32085D82500B08573 /* GamaRequestor.m */; };
		E9537F322085DAF300B08573 /* GamaRequestor+IAP_CreateOrder.m in Sources */ = {isa = PBXBuildFile; fileRef = E9537ED62085D82500B08573 /* GamaRequestor+IAP_CreateOrder.m */; };
		E9537F332085DAF300B08573 /* GamaURLConnect.m in Sources */ = {isa = PBXBuildFile; fileRef = E9537ED82085D82500B08573 /* GamaURLConnect.m */; };
		E9537F342085DAF300B08573 /* GamaRequestor.m in Sources */ = {isa = PBXBuildFile; fileRef = E9537ED32085D82500B08573 /* GamaRequestor.m */; };
		E9537F352085DAF300B08573 /* GamaRequestor+IAP_CreateOrder.m in Sources */ = {isa = PBXBuildFile; fileRef = E9537ED62085D82500B08573 /* GamaRequestor+IAP_CreateOrder.m */; };
		E9537F362085DAF300B08573 /* GamaURLConnect.m in Sources */ = {isa = PBXBuildFile; fileRef = E9537ED82085D82500B08573 /* GamaURLConnect.m */; };
		E9537F372085EB7F00B08573 /* GamaRequestor+IAP_AppstoreCallback.m in Sources */ = {isa = PBXBuildFile; fileRef = E9537ED52085D82500B08573 /* GamaRequestor+IAP_AppstoreCallback.m */; };
		E9537F382085EB7F00B08573 /* GamaRequestor+IAP_AppstoreCallback.m in Sources */ = {isa = PBXBuildFile; fileRef = E9537ED52085D82500B08573 /* GamaRequestor+IAP_AppstoreCallback.m */; };
		E9537F392085EBA900B08573 /* GamaAlertView.h in Copy Files */ = {isa = PBXBuildFile; fileRef = E9537EAB2085D82500B08573 /* GamaAlertView.h */; };
		E9537F3A2085EBAA00B08573 /* GamaAlertViewDelegate.h in Copy Files */ = {isa = PBXBuildFile; fileRef = E9537EAD2085D82500B08573 /* GamaAlertViewDelegate.h */; };
		E9537F3C2085EBAF00B08573 /* GamaCentreInfo.h in Copy Files */ = {isa = PBXBuildFile; fileRef = E9537EB62085D82500B08573 /* GamaCentreInfo.h */; };
		E9537F3D2085EBB100B08573 /* GamaCoreConfReader.h in Copy Files */ = {isa = PBXBuildFile; fileRef = E9537EB82085D82500B08573 /* GamaCoreConfReader.h */; };
		E9537F3E2085EBB300B08573 /* SdkUserInfoModel.h in Copy Files */ = {isa = PBXBuildFile; fileRef = E9537EBB2085D82500B08573 /* SdkUserInfoModel.h */; };
		E9537F3F2085EBB500B08573 /* GamaSecurity.h in Copy Files */ = {isa = PBXBuildFile; fileRef = E9537EBE2085D82500B08573 /* GamaSecurity.h */; };
		E9537F402085EBB700B08573 /* GamaSecurityFunction.h in Copy Files */ = {isa = PBXBuildFile; fileRef = E9537EC02085D82500B08573 /* GamaSecurityFunction.h */; };
		E9537F412085EBBA00B08573 /* GamaFunction.h in Copy Files */ = {isa = PBXBuildFile; fileRef = E9537EC22085D82500B08573 /* GamaFunction.h */; };
		E9537F422085EBBD00B08573 /* GamaCfUUID.h in Copy Files */ = {isa = PBXBuildFile; fileRef = E9537EC52085D82500B08573 /* GamaCfUUID.h */; };
		E9537F442085EBC400B08573 /* GamaPrivateKeychainCfUUID.h in Copy Files */ = {isa = PBXBuildFile; fileRef = E9537EC92085D82500B08573 /* GamaPrivateKeychainCfUUID.h */; };
		E9537F452085EBC700B08573 /* NSString+GamaSStringAddition.h in Copy Files */ = {isa = PBXBuildFile; fileRef = E9537ECB2085D82500B08573 /* NSString+GamaSStringAddition.h */; };
		E9537F462085EBCA00B08573 /* NSString+GamaURLEncoding.h in Copy Files */ = {isa = PBXBuildFile; fileRef = E9537ECD2085D82500B08573 /* NSString+GamaURLEncoding.h */; };
		E9537F472085EBCC00B08573 /* UIImage+GamaBundleImage.h in Copy Files */ = {isa = PBXBuildFile; fileRef = E9537ECF2085D82500B08573 /* UIImage+GamaBundleImage.h */; };
		E9537F482085EBCE00B08573 /* GamaRequestor.h in Copy Files */ = {isa = PBXBuildFile; fileRef = E9537ED22085D82500B08573 /* GamaRequestor.h */; };
		E9537F492085EBD100B08573 /* GamaURLConnect.h in Copy Files */ = {isa = PBXBuildFile; fileRef = E9537ED72085D82500B08573 /* GamaURLConnect.h */; };
		E9537F4A2085F3DF00B08573 /* main.m in Sources */ = {isa = PBXBuildFile; fileRef = E9537EDB2085D82500B08573 /* main.m */; };
		E9537F4B2085F3F200B08573 /* ViewController.m in Sources */ = {isa = PBXBuildFile; fileRef = E9537EDD2085D82500B08573 /* ViewController.m */; };
		E9537F4C2085F3F800B08573 /* AppDelegate.m in Sources */ = {isa = PBXBuildFile; fileRef = E9537EA62085D82500B08573 /* AppDelegate.m */; };
/* End PBXBuildFile section */

/* Begin PBXCopyFilesBuildPhase section */
		35B0FE871A072090006F5435 /* Copy Files */ = {
			isa = PBXCopyFilesBuildPhase;
			buildActionMask = 2147483647;
			dstPath = "";
			dstSubfolderSpec = 7;
			files = (
				E9537F072085D82600B08573 /* GamaURLConnect.h in Copy Files */,
				E9537EFD2085D82600B08573 /* NSString+GamaSStringAddition.h in Copy Files */,
				E9537EFF2085D82600B08573 /* NSString+GamaURLEncoding.h in Copy Files */,
				E9537EEB2085D82600B08573 /* GamaCentreInfo.h in Copy Files */,
				E9537EED2085D82600B08573 /* GamaCoreConfReader.h in Copy Files */,
				E9537EF12085D82600B08573 /* GamaSecurity.h in Copy Files */,
				E9537F012085D82600B08573 /* UIImage+GamaBundleImage.h in Copy Files */,
				E9537EE12085D82500B08573 /* GamaAlertView.h in Copy Files */,
				E9537EEF2085D82600B08573 /* SdkUserInfoModel.h in Copy Files */,
				E9537F032085D82600B08573 /* GamaRequestor.h in Copy Files */,
				E9537EE32085D82500B08573 /* GamaAlertViewDelegate.h in Copy Files */,
				E9537EE92085D82500B08573 /* GamaView.h in Copy Files */,
				E9537EF52085D82600B08573 /* GamaFunction.h in Copy Files */,
				E9537EF32085D82600B08573 /* GamaSecurityFunction.h in Copy Files */,
			);
			name = "Copy Files";
			runOnlyForDeploymentPostprocessing = 0;
		};
		35E17B541A03828600F984ED /* Copy Files */ = {
			isa = PBXCopyFilesBuildPhase;
			buildActionMask = 2147483647;
			dstPath = "include/$(PRODUCT_NAME)";
			dstSubfolderSpec = 16;
			files = (
				E9537F3D2085EBB100B08573 /* GamaCoreConfReader.h in Copy Files */,
				E9537F392085EBA900B08573 /* GamaAlertView.h in Copy Files */,
				E9537F3A2085EBAA00B08573 /* GamaAlertViewDelegate.h in Copy Files */,
				E9537F3C2085EBAF00B08573 /* GamaCentreInfo.h in Copy Files */,
				E9537F3E2085EBB300B08573 /* SdkUserInfoModel.h in Copy Files */,
				E9537F3F2085EBB500B08573 /* GamaSecurity.h in Copy Files */,
				E9537F402085EBB700B08573 /* GamaSecurityFunction.h in Copy Files */,
				E9537F412085EBBA00B08573 /* GamaFunction.h in Copy Files */,
				E9537F422085EBBD00B08573 /* GamaCfUUID.h in Copy Files */,
				E9537F442085EBC400B08573 /* GamaPrivateKeychainCfUUID.h in Copy Files */,
				E9537F452085EBC700B08573 /* NSString+GamaSStringAddition.h in Copy Files */,
				E9537F472085EBCC00B08573 /* UIImage+GamaBundleImage.h in Copy Files */,
				E9537F482085EBCE00B08573 /* GamaRequestor.h in Copy Files */,
				E9537F492085EBD100B08573 /* GamaURLConnect.h in Copy Files */,
				E9537F462085EBCA00B08573 /* NSString+GamaURLEncoding.h in Copy Files */,
			);
			name = "Copy Files";
			runOnlyForDeploymentPostprocessing = 0;
		};
/* End PBXCopyFilesBuildPhase section */

/* Begin PBXFileReference section */
		35387F311D913FF700B17EF9 /* JavaScriptCore.framework */ = {isa = PBXFileReference; lastKnownFileType = wrapper.framework; name = JavaScriptCore.framework; path = System/Library/Frameworks/JavaScriptCore.framework; sourceTree = SDKROOT; };
		35787A9E1D98FF53007149C3 /* libz.1.tbd */ = {isa = PBXFileReference; lastKnownFileType = "sourcecode.text-based-dylib-definition"; name = libz.1.tbd; path = usr/lib/libz.1.tbd; sourceTree = SDKROOT; };
		35A67F441A0757D3007D5176 /* AdSupport.framework */ = {isa = PBXFileReference; lastKnownFileType = wrapper.framework; name = AdSupport.framework; path = System/Library/Frameworks/AdSupport.framework; sourceTree = SDKROOT; };
		35A67F491A0759A4007D5176 /* UIKit.framework */ = {isa = PBXFileReference; lastKnownFileType = wrapper.framework; name = UIKit.framework; path = System/Library/Frameworks/UIKit.framework; sourceTree = SDKROOT; };
		35A67F4B1A075A19007D5176 /* SystemConfiguration.framework */ = {isa = PBXFileReference; lastKnownFileType = wrapper.framework; name = SystemConfiguration.framework; path = System/Library/Frameworks/SystemConfiguration.framework; sourceTree = SDKROOT; };
		35A67F4D1A075A33007D5176 /* Security.framework */ = {isa = PBXFileReference; lastKnownFileType = wrapper.framework; name = Security.framework; path = System/Library/Frameworks/Security.framework; sourceTree = SDKROOT; };
		35B0FE861A071E61006F5435 /* BuildScript.sh */ = {isa = PBXFileReference; fileEncoding = 4; lastKnownFileType = text.script.sh; path = BuildScript.sh; sourceTree = "<group>"; };
		35E17AA71A01EF9900F984ED /* GamaCoreFunc.app */ = {isa = PBXFileReference; explicitFileType = wrapper.application; includeInIndex = 0; path = GamaCoreFunc.app; sourceTree = BUILT_PRODUCTS_DIR; };
		35E17B561A03828600F984ED /* libGamaCoreFunc_DotA.a */ = {isa = PBXFileReference; explicitFileType = archive.ar; includeInIndex = 0; path = libGamaCoreFunc_DotA.a; sourceTree = BUILT_PRODUCTS_DIR; };
		E9537EA22085D72E00B08573 /* GamaCommonHeader.h */ = {isa = PBXFileReference; fileEncoding = 4; lastKnownFileType = sourcecode.c.h; name = GamaCommonHeader.h; path = ../../WorkProjResources/GamaCommonHeader.h; sourceTree = "<group>"; };
		E9537EA52085D82500B08573 /* AppDelegate.h */ = {isa = PBXFileReference; fileEncoding = 4; lastKnownFileType = sourcecode.c.h; path = AppDelegate.h; sourceTree = "<group>"; };
		E9537EA62085D82500B08573 /* AppDelegate.m */ = {isa = PBXFileReference; fileEncoding = 4; lastKnownFileType = sourcecode.c.objc; path = AppDelegate.m; sourceTree = "<group>"; };
		E9537EA82085D82500B08573 /* Base */ = {isa = PBXFileReference; lastKnownFileType = file.storyboard; name = Base; path = Base.lproj/Main.storyboard; sourceTree = "<group>"; };
		E9537EAB2085D82500B08573 /* GamaAlertView.h */ = {isa = PBXFileReference; fileEncoding = 4; lastKnownFileType = sourcecode.c.h; path = GamaAlertView.h; sourceTree = "<group>"; };
		E9537EAC2085D82500B08573 /* GamaAlertView.m */ = {isa = PBXFileReference; fileEncoding = 4; lastKnownFileType = sourcecode.c.objc; path = GamaAlertView.m; sourceTree = "<group>"; };
		E9537EAD2085D82500B08573 /* GamaAlertViewDelegate.h */ = {isa = PBXFileReference; fileEncoding = 4; lastKnownFileType = sourcecode.c.h; path = GamaAlertViewDelegate.h; sourceTree = "<group>"; };
		E9537EAE2085D82500B08573 /* GamaAlertViewDelegate.m */ = {isa = PBXFileReference; fileEncoding = 4; lastKnownFileType = sourcecode.c.objc; path = GamaAlertViewDelegate.m; sourceTree = "<group>"; };
		E9537EAF2085D82500B08573 /* UIAlertController+Gama.h */ = {isa = PBXFileReference; fileEncoding = 4; lastKnownFileType = sourcecode.c.h; path = "UIAlertController+Gama.h"; sourceTree = "<group>"; };
		E9537EB02085D82500B08573 /* UIAlertController+Gama.m */ = {isa = PBXFileReference; fileEncoding = 4; lastKnownFileType = sourcecode.c.objc; path = "UIAlertController+Gama.m"; sourceTree = "<group>"; };
		E9537EB42085D82500B08573 /* GamaView.h */ = {isa = PBXFileReference; fileEncoding = 4; lastKnownFileType = sourcecode.c.h; path = GamaView.h; sourceTree = "<group>"; };
		E9537EB52085D82500B08573 /* GamaView.m */ = {isa = PBXFileReference; fileEncoding = 4; lastKnownFileType = sourcecode.c.objc; path = GamaView.m; sourceTree = "<group>"; };
		E9537EB62085D82500B08573 /* GamaCentreInfo.h */ = {isa = PBXFileReference; fileEncoding = 4; lastKnownFileType = sourcecode.c.h; path = GamaCentreInfo.h; sourceTree = "<group>"; };
		E9537EB72085D82500B08573 /* GamaCentreInfo.m */ = {isa = PBXFileReference; fileEncoding = 4; lastKnownFileType = sourcecode.c.objc; path = GamaCentreInfo.m; sourceTree = "<group>"; };
		E9537EB82085D82500B08573 /* GamaCoreConfReader.h */ = {isa = PBXFileReference; fileEncoding = 4; lastKnownFileType = sourcecode.c.h; path = GamaCoreConfReader.h; sourceTree = "<group>"; };
		E9537EB92085D82500B08573 /* GamaCoreConfReader.m */ = {isa = PBXFileReference; fileEncoding = 4; lastKnownFileType = sourcecode.c.objc; path = GamaCoreConfReader.m; sourceTree = "<group>"; };
		E9537EBB2085D82500B08573 /* SdkUserInfoModel.h */ = {isa = PBXFileReference; fileEncoding = 4; lastKnownFileType = sourcecode.c.h; path = SdkUserInfoModel.h; sourceTree = "<group>"; };
		E9537EBC2085D82500B08573 /* SdkUserInfoModel.m */ = {isa = PBXFileReference; fileEncoding = 4; lastKnownFileType = sourcecode.c.objc; path = SdkUserInfoModel.m; sourceTree = "<group>"; };
		E9537EBE2085D82500B08573 /* GamaSecurity.h */ = {isa = PBXFileReference; fileEncoding = 4; lastKnownFileType = sourcecode.c.h; path = GamaSecurity.h; sourceTree = "<group>"; };
		E9537EBF2085D82500B08573 /* GamaSecurity.m */ = {isa = PBXFileReference; fileEncoding = 4; lastKnownFileType = sourcecode.c.objc; path = GamaSecurity.m; sourceTree = "<group>"; };
		E9537EC02085D82500B08573 /* GamaSecurityFunction.h */ = {isa = PBXFileReference; fileEncoding = 4; lastKnownFileType = sourcecode.c.h; path = GamaSecurityFunction.h; sourceTree = "<group>"; };
		E9537EC12085D82500B08573 /* GamaSecurityFunction.m */ = {isa = PBXFileReference; fileEncoding = 4; lastKnownFileType = sourcecode.c.objc; path = GamaSecurityFunction.m; sourceTree = "<group>"; };
		E9537EC22085D82500B08573 /* GamaFunction.h */ = {isa = PBXFileReference; fileEncoding = 4; lastKnownFileType = sourcecode.c.h; path = GamaFunction.h; sourceTree = "<group>"; };
		E9537EC32085D82500B08573 /* GamaFunction.m */ = {isa = PBXFileReference; fileEncoding = 4; lastKnownFileType = sourcecode.c.objc; path = GamaFunction.m; sourceTree = "<group>"; };
		E9537EC52085D82500B08573 /* GamaCfUUID.h */ = {isa = PBXFileReference; fileEncoding = 4; lastKnownFileType = sourcecode.c.h; path = GamaCfUUID.h; sourceTree = "<group>"; };
		E9537EC62085D82500B08573 /* GamaCfUUID.m */ = {isa = PBXFileReference; fileEncoding = 4; lastKnownFileType = sourcecode.c.objc; path = GamaCfUUID.m; sourceTree = "<group>"; };
		E9537EC72085D82500B08573 /* GamaKeychainItemWrapper.h */ = {isa = PBXFileReference; fileEncoding = 4; lastKnownFileType = sourcecode.c.h; path = GamaKeychainItemWrapper.h; sourceTree = "<group>"; };
		E9537EC82085D82500B08573 /* GamaKeychainItemWrapper.m */ = {isa = PBXFileReference; fileEncoding = 4; lastKnownFileType = sourcecode.c.objc; path = GamaKeychainItemWrapper.m; sourceTree = "<group>"; };
		E9537EC92085D82500B08573 /* GamaPrivateKeychainCfUUID.h */ = {isa = PBXFileReference; fileEncoding = 4; lastKnownFileType = sourcecode.c.h; path = GamaPrivateKeychainCfUUID.h; sourceTree = "<group>"; };
		E9537ECA2085D82500B08573 /* GamaPrivateKeychainCfUUID.m */ = {isa = PBXFileReference; fileEncoding = 4; lastKnownFileType = sourcecode.c.objc; path = GamaPrivateKeychainCfUUID.m; sourceTree = "<group>"; };
		E9537ECB2085D82500B08573 /* NSString+GamaSStringAddition.h */ = {isa = PBXFileReference; fileEncoding = 4; lastKnownFileType = sourcecode.c.h; path = "NSString+GamaSStringAddition.h"; sourceTree = "<group>"; };
		E9537ECC2085D82500B08573 /* NSString+GamaSStringAddition.m */ = {isa = PBXFileReference; fileEncoding = 4; lastKnownFileType = sourcecode.c.objc; path = "NSString+GamaSStringAddition.m"; sourceTree = "<group>"; };
		E9537ECD2085D82500B08573 /* NSString+GamaURLEncoding.h */ = {isa = PBXFileReference; fileEncoding = 4; lastKnownFileType = sourcecode.c.h; path = "NSString+GamaURLEncoding.h"; sourceTree = "<group>"; };
		E9537ECE2085D82500B08573 /* NSString+GamaURLEncoding.m */ = {isa = PBXFileReference; fileEncoding = 4; lastKnownFileType = sourcecode.c.objc; path = "NSString+GamaURLEncoding.m"; sourceTree = "<group>"; };
		E9537ECF2085D82500B08573 /* UIImage+GamaBundleImage.h */ = {isa = PBXFileReference; fileEncoding = 4; lastKnownFileType = sourcecode.c.h; path = "UIImage+GamaBundleImage.h"; sourceTree = "<group>"; };
		E9537ED02085D82500B08573 /* UIImage+GamaBundleImage.m */ = {isa = PBXFileReference; fileEncoding = 4; lastKnownFileType = sourcecode.c.objc; path = "UIImage+GamaBundleImage.m"; sourceTree = "<group>"; };
		E9537ED22085D82500B08573 /* GamaRequestor.h */ = {isa = PBXFileReference; fileEncoding = 4; lastKnownFileType = sourcecode.c.h; path = GamaRequestor.h; sourceTree = "<group>"; };
		E9537ED32085D82500B08573 /* GamaRequestor.m */ = {isa = PBXFileReference; fileEncoding = 4; lastKnownFileType = sourcecode.c.objc; path = GamaRequestor.m; sourceTree = "<group>"; };
		E9537ED52085D82500B08573 /* GamaRequestor+IAP_AppstoreCallback.m */ = {isa = PBXFileReference; fileEncoding = 4; lastKnownFileType = sourcecode.c.objc; path = "GamaRequestor+IAP_AppstoreCallback.m"; sourceTree = "<group>"; };
		E9537ED62085D82500B08573 /* GamaRequestor+IAP_CreateOrder.m */ = {isa = PBXFileReference; fileEncoding = 4; lastKnownFileType = sourcecode.c.objc; path = "GamaRequestor+IAP_CreateOrder.m"; sourceTree = "<group>"; };
		E9537ED72085D82500B08573 /* GamaURLConnect.h */ = {isa = PBXFileReference; fileEncoding = 4; lastKnownFileType = sourcecode.c.h; path = GamaURLConnect.h; sourceTree = "<group>"; };
		E9537ED82085D82500B08573 /* GamaURLConnect.m */ = {isa = PBXFileReference; fileEncoding = 4; lastKnownFileType = sourcecode.c.objc; path = GamaURLConnect.m; sourceTree = "<group>"; };
		E9537ED92085D82500B08573 /* Images.xcassets */ = {isa = PBXFileReference; lastKnownFileType = folder.assetcatalog; path = Images.xcassets; sourceTree = "<group>"; };
		E9537EDA2085D82500B08573 /* Info.plist */ = {isa = PBXFileReference; fileEncoding = 4; lastKnownFileType = text.plist.xml; path = Info.plist; sourceTree = "<group>"; };
		E9537EDB2085D82500B08573 /* main.m */ = {isa = PBXFileReference; fileEncoding = 4; lastKnownFileType = sourcecode.c.objc; path = main.m; sourceTree = "<group>"; };
		E9537EDC2085D82500B08573 /* ViewController.h */ = {isa = PBXFileReference; fileEncoding = 4; lastKnownFileType = sourcecode.c.h; path = ViewController.h; sourceTree = "<group>"; };
		E9537EDD2085D82500B08573 /* ViewController.m */ = {isa = PBXFileReference; fileEncoding = 4; lastKnownFileType = sourcecode.c.objc; path = ViewController.m; sourceTree = "<group>"; };
/* End PBXFileReference section */

/* Begin PBXFrameworksBuildPhase section */
		35E17AA41A01EF9900F984ED /* Frameworks */ = {
			isa = PBXFrameworksBuildPhase;
			buildActionMask = 2147483647;
			files = (
				35787A9F1D98FF53007149C3 /* libz.1.tbd in Frameworks */,
				35387F321D913FF700B17EF9 /* JavaScriptCore.framework in Frameworks */,
				35A67F4E1A075A33007D5176 /* Security.framework in Frameworks */,
				35A67F4C1A075A19007D5176 /* SystemConfiguration.framework in Frameworks */,
				35A67F4A1A0759A4007D5176 /* UIKit.framework in Frameworks */,
				35A67F451A0757D3007D5176 /* AdSupport.framework in Frameworks */,
			);
			runOnlyForDeploymentPostprocessing = 0;
		};
		35E17B531A03828600F984ED /* Frameworks */ = {
			isa = PBXFrameworksBuildPhase;
			buildActionMask = 2147483647;
			files = (
			);
			runOnlyForDeploymentPostprocessing = 0;
		};
/* End PBXFrameworksBuildPhase section */

/* Begin PBXGroup section */
		0333F521284CB60700F49CF3 /* Frameworks */ = {
			isa = PBXGroup;
			children = (
			);
			name = Frameworks;
			sourceTree = "<group>";
		};
		35E17A9E1A01EF9900F984ED = {
			isa = PBXGroup;
			children = (
				E9537EA22085D72E00B08573 /* GamaCommonHeader.h */,
				35B0FE861A071E61006F5435 /* BuildScript.sh */,
				E9537EA42085D82500B08573 /* GamaCoreFunc */,
				35E17AA81A01EF9900F984ED /* Products */,
				843E98ED1B199A5D00650E03 /* Framework */,
				0333F521284CB60700F49CF3 /* Frameworks */,
			);
			sourceTree = "<group>";
		};
		35E17AA81A01EF9900F984ED /* Products */ = {
			isa = PBXGroup;
			children = (
				35E17AA71A01EF9900F984ED /* GamaCoreFunc.app */,
				35E17B561A03828600F984ED /* libGamaCoreFunc_DotA.a */,
			);
			name = Products;
			sourceTree = "<group>";
		};
		843E98ED1B199A5D00650E03 /* Framework */ = {
			isa = PBXGroup;
			children = (
				35787A9E1D98FF53007149C3 /* libz.1.tbd */,
				35387F311D913FF700B17EF9 /* JavaScriptCore.framework */,
				35A67F4D1A075A33007D5176 /* Security.framework */,
				35A67F4B1A075A19007D5176 /* SystemConfiguration.framework */,
				35A67F491A0759A4007D5176 /* UIKit.framework */,
				35A67F441A0757D3007D5176 /* AdSupport.framework */,
			);
			name = Framework;
			sourceTree = "<group>";
		};
		E9537EA42085D82500B08573 /* GamaCoreFunc */ = {
			isa = PBXGroup;
			children = (
				E9537EA52085D82500B08573 /* AppDelegate.h */,
				E9537EA62085D82500B08573 /* AppDelegate.m */,
				E9537EA72085D82500B08573 /* Main.storyboard */,
				E9537EA92085D82500B08573 /* GamaCoreFunc */,
				E9537ED92085D82500B08573 /* Images.xcassets */,
				E9537EDA2085D82500B08573 /* Info.plist */,
				E9537EDB2085D82500B08573 /* main.m */,
				E9537EDC2085D82500B08573 /* ViewController.h */,
				E9537EDD2085D82500B08573 /* ViewController.m */,
			);
			path = GamaCoreFunc;
			sourceTree = "<group>";
		};
		E9537EA92085D82500B08573 /* GamaCoreFunc */ = {
			isa = PBXGroup;
			children = (
				E9537EAA2085D82500B08573 /* GamaAlertView */,
				E9537EB12085D82500B08573 /* GamaBaseClass */,
				E9537EB62085D82500B08573 /* GamaCentreInfo.h */,
				E9537EB72085D82500B08573 /* GamaCentreInfo.m */,
				E9537EB82085D82500B08573 /* GamaCoreConfReader.h */,
				E9537EB92085D82500B08573 /* GamaCoreConfReader.m */,
				E9537EBA2085D82500B08573 /* GamaCoreData */,
				E9537EBD2085D82500B08573 /* GamaCoreSecurity */,
				E9537EC22085D82500B08573 /* GamaFunction.h */,
				E9537EC32085D82500B08573 /* GamaFunction.m */,
				E9537EC42085D82500B08573 /* GamaFunctionAppendant */,
				E9537ED12085D82500B08573 /* GamaRequestor */,
				E9537ED72085D82500B08573 /* GamaURLConnect.h */,
				E9537ED82085D82500B08573 /* GamaURLConnect.m */,
			);
			path = GamaCoreFunc;
			sourceTree = "<group>";
		};
		E9537EAA2085D82500B08573 /* GamaAlertView */ = {
			isa = PBXGroup;
			children = (
				E9537EAB2085D82500B08573 /* GamaAlertView.h */,
				E9537EAC2085D82500B08573 /* GamaAlertView.m */,
				E9537EAD2085D82500B08573 /* GamaAlertViewDelegate.h */,
				E9537EAE2085D82500B08573 /* GamaAlertViewDelegate.m */,
				E9537EAF2085D82500B08573 /* UIAlertController+Gama.h */,
				E9537EB02085D82500B08573 /* UIAlertController+Gama.m */,
			);
			path = GamaAlertView;
			sourceTree = "<group>";
		};
		E9537EB12085D82500B08573 /* GamaBaseClass */ = {
			isa = PBXGroup;
			children = (
				E9537EB42085D82500B08573 /* GamaView.h */,
				E9537EB52085D82500B08573 /* GamaView.m */,
			);
			path = GamaBaseClass;
			sourceTree = "<group>";
		};
		E9537EBA2085D82500B08573 /* GamaCoreData */ = {
			isa = PBXGroup;
			children = (
				E9537EBB2085D82500B08573 /* SdkUserInfoModel.h */,
				E9537EBC2085D82500B08573 /* SdkUserInfoModel.m */,
			);
			path = GamaCoreData;
			sourceTree = "<group>";
		};
		E9537EBD2085D82500B08573 /* GamaCoreSecurity */ = {
			isa = PBXGroup;
			children = (
				E9537EBE2085D82500B08573 /* GamaSecurity.h */,
				E9537EBF2085D82500B08573 /* GamaSecurity.m */,
				E9537EC02085D82500B08573 /* GamaSecurityFunction.h */,
				E9537EC12085D82500B08573 /* GamaSecurityFunction.m */,
			);
			path = GamaCoreSecurity;
			sourceTree = "<group>";
		};
		E9537EC42085D82500B08573 /* GamaFunctionAppendant */ = {
			isa = PBXGroup;
			children = (
				E9537EC52085D82500B08573 /* GamaCfUUID.h */,
				E9537EC62085D82500B08573 /* GamaCfUUID.m */,
				E9537EC72085D82500B08573 /* GamaKeychainItemWrapper.h */,
				E9537EC82085D82500B08573 /* GamaKeychainItemWrapper.m */,
				E9537EC92085D82500B08573 /* GamaPrivateKeychainCfUUID.h */,
				E9537ECA2085D82500B08573 /* GamaPrivateKeychainCfUUID.m */,
				E9537ECB2085D82500B08573 /* NSString+GamaSStringAddition.h */,
				E9537ECC2085D82500B08573 /* NSString+GamaSStringAddition.m */,
				E9537ECD2085D82500B08573 /* NSString+GamaURLEncoding.h */,
				E9537ECE2085D82500B08573 /* NSString+GamaURLEncoding.m */,
				E9537ECF2085D82500B08573 /* UIImage+GamaBundleImage.h */,
				E9537ED02085D82500B08573 /* UIImage+GamaBundleImage.m */,
			);
			path = GamaFunctionAppendant;
			sourceTree = "<group>";
		};
		E9537ED12085D82500B08573 /* GamaRequestor */ = {
			isa = PBXGroup;
			children = (
				E9537ED22085D82500B08573 /* GamaRequestor.h */,
				E9537ED32085D82500B08573 /* GamaRequestor.m */,
				E9537ED42085D82500B08573 /* IAP */,
			);
			path = GamaRequestor;
			sourceTree = "<group>";
		};
		E9537ED42085D82500B08573 /* IAP */ = {
			isa = PBXGroup;
			children = (
				E9537ED52085D82500B08573 /* GamaRequestor+IAP_AppstoreCallback.m */,
				E9537ED62085D82500B08573 /* GamaRequestor+IAP_CreateOrder.m */,
			);
			path = IAP;
			sourceTree = "<group>";
		};
/* End PBXGroup section */

/* Begin PBXNativeTarget section */
		35E17AA61A01EF9900F984ED /* GamaCoreFunc */ = {
			isa = PBXNativeTarget;
			buildConfigurationList = 35E17ACA1A01EF9A00F984ED /* Build configuration list for PBXNativeTarget "GamaCoreFunc" */;
			buildPhases = (
				35E17AA31A01EF9900F984ED /* Sources */,
				35E17AA41A01EF9900F984ED /* Frameworks */,
				35E17AA51A01EF9900F984ED /* Resources */,
			);
			buildRules = (
			);
			dependencies = (
			);
			name = GamaCoreFunc;
			productName = EfunCoreFunc;
			productReference = 35E17AA71A01EF9900F984ED /* GamaCoreFunc.app */;
			productType = "com.apple.product-type.application";
		};
		35E17B551A03828600F984ED /* GamaCoreFunc_DotA */ = {
			isa = PBXNativeTarget;
			buildConfigurationList = 35E17B641A03828700F984ED /* Build configuration list for PBXNativeTarget "GamaCoreFunc_DotA" */;
			buildPhases = (
				35E17B521A03828600F984ED /* Sources */,
				35E17B531A03828600F984ED /* Frameworks */,
				35E17B541A03828600F984ED /* Copy Files */,
			);
			buildRules = (
			);
			dependencies = (
			);
			name = GamaCoreFunc_DotA;
			productName = EfunCoreFunc_DotA;
			productReference = 35E17B561A03828600F984ED /* libGamaCoreFunc_DotA.a */;
			productType = "com.apple.product-type.library.static";
		};
/* End PBXNativeTarget section */

/* Begin PBXProject section */
		35E17A9F1A01EF9900F984ED /* Project object */ = {
			isa = PBXProject;
			attributes = {
				LastUpgradeCheck = 0610;
				ORGANIZATIONNAME = Gama;
				TargetAttributes = {
					35B0FE7D1A071680006F5435 = {
						CreatedOnToolsVersion = 6.0.1;
					};
					35E17AA61A01EF9900F984ED = {
						CreatedOnToolsVersion = 6.0.1;
					};
					35E17B551A03828600F984ED = {
						CreatedOnToolsVersion = 6.0.1;
					};
				};
			};
			buildConfigurationList = 35E17AA21A01EF9900F984ED /* Build configuration list for PBXProject "GamaCoreFunc" */;
			compatibilityVersion = "Xcode 3.2";
			developmentRegion = English;
			hasScannedForEncodings = 0;
			knownRegions = (
				English,
				en,
				Base,
			);
			mainGroup = 35E17A9E1A01EF9900F984ED;
			productRefGroup = 35E17AA81A01EF9900F984ED /* Products */;
			projectDirPath = "";
			projectRoot = "";
			targets = (
				35E17AA61A01EF9900F984ED /* GamaCoreFunc */,
				35E17B551A03828600F984ED /* GamaCoreFunc_DotA */,
				35B0FE7D1A071680006F5435 /* GamaCoreFunc_Builder */,
			);
		};
/* End PBXProject section */

/* Begin PBXResourcesBuildPhase section */
		35E17AA51A01EF9900F984ED /* Resources */ = {
			isa = PBXResourcesBuildPhase;
			buildActionMask = 2147483647;
			files = (
			);
			runOnlyForDeploymentPostprocessing = 0;
		};
/* End PBXResourcesBuildPhase section */

/* Begin PBXShellScriptBuildPhase section */
		35B0FE811A071685006F5435 /* ShellScript */ = {
			isa = PBXShellScriptBuildPhase;
			buildActionMask = 2147483647;
			files = (
			);
			inputPaths = (
			);
			outputPaths = (
			);
			runOnlyForDeploymentPostprocessing = 0;
			shellPath = /bin/sh;
			shellScript = "chmod 755 \"$PROJECT_DIR/BuildScript.sh\"\n\"$PROJECT_DIR/BuildScript.sh\"\n";
		};
/* End PBXShellScriptBuildPhase section */

/* Begin PBXSourcesBuildPhase section */
		35E17AA31A01EF9900F984ED /* Sources */ = {
			isa = PBXSourcesBuildPhase;
			buildActionMask = 2147483647;
			files = (
				E9537F1D2085DAD200B08573 /* SdkUserInfoModel.m in Sources */,
				E9537F1A2085DACB00B08573 /* GamaCentreInfo.m in Sources */,
				E9537F362085DAF300B08573 /* GamaURLConnect.m in Sources */,
				E9537F2C2085DAE600B08573 /* GamaKeychainItemWrapper.m in Sources */,
				E9537F342085DAF300B08573 /* GamaRequestor.m in Sources */,
				E9537F202085DAD600B08573 /* GamaSecurity.m in Sources */,
				E9537F242085DADB00B08573 /* GamaFunction.m in Sources */,
				E9537F192085DAC800B08573 /* GamaView.m in Sources */,
				E9537F162085DABC00B08573 /* GamaAlertViewDelegate.m in Sources */,
				E9537F302085DAE600B08573 /* UIImage+GamaBundleImage.m in Sources */,
				E9537F2F2085DAE600B08573 /* NSString+GamaURLEncoding.m in Sources */,
				E9537F152085DAB900B08573 /* GamaAlertView.m in Sources */,
				E9537F222085DAD800B08573 /* GamaSecurityFunction.m in Sources */,
				E9537F262085DAE000B08573 /* GamaCfUUID.m in Sources */,
				E9537F352085DAF300B08573 /* GamaRequestor+IAP_CreateOrder.m in Sources */,
				E9537F382085EB7F00B08573 /* GamaRequestor+IAP_AppstoreCallback.m in Sources */,
				E9537F2E2085DAE600B08573 /* NSString+GamaSStringAddition.m in Sources */,
				E9537F172085DABF00B08573 /* UIAlertController+Gama.m in Sources */,
				E9537F1B2085DACE00B08573 /* GamaCoreConfReader.m in Sources */,
				E9537F4C2085F3F800B08573 /* AppDelegate.m in Sources */,
				E9537F4B2085F3F200B08573 /* ViewController.m in Sources */,
				E9537F4A2085F3DF00B08573 /* main.m in Sources */,
				E9537F2D2085DAE600B08573 /* GamaPrivateKeychainCfUUID.m in Sources */,
			);
			runOnlyForDeploymentPostprocessing = 0;
		};
		35E17B521A03828600F984ED /* Sources */ = {
			isa = PBXSourcesBuildPhase;
			buildActionMask = 2147483647;
			files = (
				E9537F1E2085DAD200B08573 /* SdkUserInfoModel.m in Sources */,
				E9537F0F2085DA6E00B08573 /* GamaCentreInfo.m in Sources */,
				E9537F332085DAF300B08573 /* GamaURLConnect.m in Sources */,
				E9537F272085DAE600B08573 /* GamaKeychainItemWrapper.m in Sources */,
				E9537F312085DAF300B08573 /* GamaRequestor.m in Sources */,
				E9537F1F2085DAD600B08573 /* GamaSecurity.m in Sources */,
				E9537F232085DADB00B08573 /* GamaFunction.m in Sources */,
				E9537F122085DA7A00B08573 /* UIAlertController+Gama.m in Sources */,
				E9537F142085DA8100B08573 /* GamaView.m in Sources */,
				E9537F2B2085DAE600B08573 /* UIImage+GamaBundleImage.m in Sources */,
				E9537F292085DAE600B08573 /* NSString+GamaSStringAddition.m in Sources */,
				E9537F322085DAF300B08573 /* GamaRequestor+IAP_CreateOrder.m in Sources */,
				E9537F2A2085DAE600B08573 /* NSString+GamaURLEncoding.m in Sources */,
				E9537F112085DA7800B08573 /* GamaAlertViewDelegate.m in Sources */,
				E9537F212085DAD800B08573 /* GamaSecurityFunction.m in Sources */,
				E9537F372085EB7F00B08573 /* GamaRequestor+IAP_AppstoreCallback.m in Sources */,
				E9537F252085DADF00B08573 /* GamaCfUUID.m in Sources */,
				E9537F102085DA7600B08573 /* GamaAlertView.m in Sources */,
				E9537F1C2085DACE00B08573 /* GamaCoreConfReader.m in Sources */,
				E9537F282085DAE600B08573 /* GamaPrivateKeychainCfUUID.m in Sources */,
			);
			runOnlyForDeploymentPostprocessing = 0;
		};
/* End PBXSourcesBuildPhase section */

/* Begin PBXVariantGroup section */
		E9537EA72085D82500B08573 /* Main.storyboard */ = {
			isa = PBXVariantGroup;
			children = (
				E9537EA82085D82500B08573 /* Base */,
			);
			name = Main.storyboard;
			sourceTree = "<group>";
		};
/* End PBXVariantGroup section */

/* Begin XCBuildConfiguration section */
		35B0FE7F1A071680006F5435 /* Debug */ = {
			isa = XCBuildConfiguration;
			buildSettings = {
				ARCHS = "$(ARCHS_STANDARD)";
				ENABLE_BITCODE = NO;
				GCC_PREFIX_HEADER = "$(SRCROOT)/../../WorkProjResources/GamaCommonHeader.h";
				ONLY_ACTIVE_ARCH = NO;
				PRODUCT_NAME = "$(TARGET_NAME)";
				VALID_ARCHS = "arm64 armv7 armv7s arm64e x86_64 i386";
			};
			name = Debug;
		};
		35B0FE801A071680006F5435 /* Release */ = {
			isa = XCBuildConfiguration;
			buildSettings = {
				ARCHS = "$(ARCHS_STANDARD)";
				ENABLE_BITCODE = NO;
				GCC_PREFIX_HEADER = "$(SRCROOT)/../../WorkProjResources/GamaCommonHeader.h";
				ONLY_ACTIVE_ARCH = NO;
				PRODUCT_NAME = "$(TARGET_NAME)";
				VALID_ARCHS = "arm64 armv7 armv7s arm64e x86_64 i386";
			};
			name = Release;
		};
		35E17AC81A01EF9A00F984ED /* Debug */ = {
			isa = XCBuildConfiguration;
			buildSettings = {
				ALWAYS_SEARCH_USER_PATHS = NO;
				ARCHS = (
					"$(ARCHS_STANDARD)",
					armv7s,
				);
				CLANG_CXX_LANGUAGE_STANDARD = "gnu++0x";
				CLANG_CXX_LIBRARY = "libc++";
				CLANG_ENABLE_MODULES = YES;
				CLANG_ENABLE_OBJC_ARC = NO;
				CLANG_ENABLE_OBJC_WEAK = NO;
				CLANG_MODULES_AUTOLINK = NO;
				CLANG_WARN_BOOL_CONVERSION = YES;
				CLANG_WARN_CONSTANT_CONVERSION = YES;
				CLANG_WARN_DIRECT_OBJC_ISA_USAGE = YES_ERROR;
				CLANG_WARN_EMPTY_BODY = YES;
				CLANG_WARN_ENUM_CONVERSION = YES;
				CLANG_WARN_INT_CONVERSION = YES;
				CLANG_WARN_OBJC_ROOT_CLASS = YES_ERROR;
				CLANG_WARN_UNREACHABLE_CODE = YES;
				CLANG_WARN__DUPLICATE_METHOD_MATCH = YES;
				"CODE_SIGN_IDENTITY[sdk=iphoneos*]" = "iPhone Developer";
				COPY_PHASE_STRIP = NO;
				ENABLE_STRICT_OBJC_MSGSEND = YES;
				GCC_C_LANGUAGE_STANDARD = gnu99;
				GCC_DYNAMIC_NO_PIC = NO;
				GCC_OPTIMIZATION_LEVEL = 0;
				GCC_PREPROCESSOR_DEFINITIONS = (
					"DEBUG=1",
					"$(inherited)",
				);
				GCC_SYMBOLS_PRIVATE_EXTERN = NO;
				GCC_WARN_64_TO_32_BIT_CONVERSION = YES;
				GCC_WARN_ABOUT_RETURN_TYPE = YES_ERROR;
				GCC_WARN_UNDECLARED_SELECTOR = YES;
				GCC_WARN_UNINITIALIZED_AUTOS = YES_AGGRESSIVE;
				GCC_WARN_UNUSED_FUNCTION = YES;
				GCC_WARN_UNUSED_VARIABLE = YES;
				IPHONEOS_DEPLOYMENT_TARGET = 9.0;
				MTL_ENABLE_DEBUG_INFO = YES;
				ONLY_ACTIVE_ARCH = YES;
				SDKROOT = iphoneos;
				TARGETED_DEVICE_FAMILY = "1,2";
				VALID_ARCHS = "arm64 armv7 armv7s x86_64 i386";
			};
			name = Debug;
		};
		35E17AC91A01EF9A00F984ED /* Release */ = {
			isa = XCBuildConfiguration;
			buildSettings = {
				ALWAYS_SEARCH_USER_PATHS = NO;
				ARCHS = (
					"$(ARCHS_STANDARD)",
					armv7s,
				);
				CLANG_CXX_LANGUAGE_STANDARD = "gnu++0x";
				CLANG_CXX_LIBRARY = "libc++";
				CLANG_ENABLE_MODULES = YES;
				CLANG_ENABLE_OBJC_ARC = NO;
				CLANG_ENABLE_OBJC_WEAK = NO;
				CLANG_MODULES_AUTOLINK = NO;
				CLANG_WARN_BOOL_CONVERSION = YES;
				CLANG_WARN_CONSTANT_CONVERSION = YES;
				CLANG_WARN_DIRECT_OBJC_ISA_USAGE = YES_ERROR;
				CLANG_WARN_EMPTY_BODY = YES;
				CLANG_WARN_ENUM_CONVERSION = YES;
				CLANG_WARN_INT_CONVERSION = YES;
				CLANG_WARN_OBJC_ROOT_CLASS = YES_ERROR;
				CLANG_WARN_UNREACHABLE_CODE = YES;
				CLANG_WARN__DUPLICATE_METHOD_MATCH = YES;
				"CODE_SIGN_IDENTITY[sdk=iphoneos*]" = "iPhone Developer";
				COPY_PHASE_STRIP = YES;
				ENABLE_NS_ASSERTIONS = NO;
				ENABLE_STRICT_OBJC_MSGSEND = YES;
				GCC_C_LANGUAGE_STANDARD = gnu99;
				GCC_WARN_64_TO_32_BIT_CONVERSION = YES;
				GCC_WARN_ABOUT_RETURN_TYPE = YES_ERROR;
				GCC_WARN_UNDECLARED_SELECTOR = YES;
				GCC_WARN_UNINITIALIZED_AUTOS = YES_AGGRESSIVE;
				GCC_WARN_UNUSED_FUNCTION = YES;
				GCC_WARN_UNUSED_VARIABLE = YES;
				IPHONEOS_DEPLOYMENT_TARGET = 9.0;
				MTL_ENABLE_DEBUG_INFO = NO;
				SDKROOT = iphoneos;
				TARGETED_DEVICE_FAMILY = "1,2";
				VALIDATE_PRODUCT = YES;
				VALID_ARCHS = "arm64 armv7 armv7s x86_64 i386";
			};
			name = Release;
		};
		35E17ACB1A01EF9A00F984ED /* Debug */ = {
			isa = XCBuildConfiguration;
			buildSettings = {
				ARCHS = "$(ARCHS_STANDARD)";
				ASSETCATALOG_COMPILER_APPICON_NAME = AppIcon;
				CLANG_ENABLE_OBJC_ARC = NO;
				CLANG_MODULES_AUTOLINK = NO;
				CODE_SIGN_ENTITLEMENTS = "";
				CODE_SIGN_IDENTITY = "";
				"CODE_SIGN_IDENTITY[sdk=iphoneos*]" = "iPhone Developer";
				DEVELOPMENT_TEAM = "";
				ENABLE_BITCODE = NO;
				GCC_PRECOMPILE_PREFIX_HEADER = YES;
				GCC_PREFIX_HEADER = "$(SRCROOT)/../../WorkProjResources/GamaCommonHeader.h";
				HEADER_SEARCH_PATHS = (
					"$(inherited)",
					/Applications/Xcode.app/Contents/Developer/Toolchains/XcodeDefault.xctoolchain/usr/include,
				);
				INFOPLIST_FILE = "$(SRCROOT)/GamaCoreFunc/Info.plist";
				IPHONEOS_DEPLOYMENT_TARGET = 8.0;
				LD_RUNPATH_SEARCH_PATHS = "$(inherited) @executable_path/Frameworks";
				ONLY_ACTIVE_ARCH = NO;
				PRODUCT_BUNDLE_IDENTIFIER = com.dong.twzj;
				PRODUCT_NAME = "$(TARGET_NAME)";
				PROVISIONING_PROFILE = "";
				PROVISIONING_PROFILE_SPECIFIER = "";
				USER_HEADER_SEARCH_PATHS = "";
				VALID_ARCHS = "arm64 armv7 x86_64 i386";
			};
			name = Debug;
		};
		35E17ACC1A01EF9A00F984ED /* Release */ = {
			isa = XCBuildConfiguration;
			buildSettings = {
				ARCHS = "$(ARCHS_STANDARD)";
				ASSETCATALOG_COMPILER_APPICON_NAME = AppIcon;
				CLANG_ENABLE_OBJC_ARC = NO;
				CLANG_MODULES_AUTOLINK = NO;
				CODE_SIGN_ENTITLEMENTS = "";
				CODE_SIGN_IDENTITY = "";
				"CODE_SIGN_IDENTITY[sdk=iphoneos*]" = "iPhone Developer";
				DEVELOPMENT_TEAM = "";
				ENABLE_BITCODE = NO;
				GCC_PRECOMPILE_PREFIX_HEADER = YES;
				GCC_PREFIX_HEADER = "$(SRCROOT)/../../WorkProjResources/GamaCommonHeader.h";
				HEADER_SEARCH_PATHS = (
					"$(inherited)",
					/Applications/Xcode.app/Contents/Developer/Toolchains/XcodeDefault.xctoolchain/usr/include,
				);
				INFOPLIST_FILE = "$(SRCROOT)/GamaCoreFunc/Info.plist";
				IPHONEOS_DEPLOYMENT_TARGET = 8.0;
				LD_RUNPATH_SEARCH_PATHS = "$(inherited) @executable_path/Frameworks";
				ONLY_ACTIVE_ARCH = NO;
				PRODUCT_BUNDLE_IDENTIFIER = com.dong.twzj;
				PRODUCT_NAME = "$(TARGET_NAME)";
				PROVISIONING_PROFILE = "0800b1c7-c180-4172-8883-0a1d496c0071";
				PROVISIONING_PROFILE_SPECIFIER = devsmyj20161111;
				USER_HEADER_SEARCH_PATHS = "";
				VALID_ARCHS = "arm64 armv7 x86_64 i386";
			};
			name = Release;
		};
		35E17B651A03828700F984ED /* Debug */ = {
			isa = XCBuildConfiguration;
			buildSettings = {
				ARCHS = "$(ARCHS_STANDARD)";
				CLANG_ENABLE_OBJC_ARC = NO;
				CLANG_MODULES_AUTOLINK = NO;
				ENABLE_BITCODE = NO;
				ENABLE_NS_ASSERTIONS = YES;
				GCC_PRECOMPILE_PREFIX_HEADER = YES;
				GCC_PREFIX_HEADER = "$(SRCROOT)/../../WorkProjResources/GamaCommonHeader.h";
				GCC_PREPROCESSOR_DEFINITIONS = (
					"DEBUG=1",
					"$(inherited)",
				);
				IPHONEOS_DEPLOYMENT_TARGET = 9.0;
				ONLY_ACTIVE_ARCH = NO;
				OTHER_LDFLAGS = "-ObjC";
				PRODUCT_NAME = "$(TARGET_NAME)";
				SKIP_INSTALL = YES;
				VALID_ARCHS = "arm64 armv7 armv7s arm64e x86_64 i386";
			};
			name = Debug;
		};
		35E17B661A03828700F984ED /* Release */ = {
			isa = XCBuildConfiguration;
			buildSettings = {
				ARCHS = "$(ARCHS_STANDARD)";
				CLANG_ENABLE_OBJC_ARC = NO;
				CLANG_MODULES_AUTOLINK = NO;
				ENABLE_BITCODE = NO;
				ENABLE_NS_ASSERTIONS = NO;
				"EXCLUDED_ARCHS[sdk=iphonesimulator*]" = arm64;
				GCC_PRECOMPILE_PREFIX_HEADER = YES;
				GCC_PREFIX_HEADER = "$(SRCROOT)/../../WorkProjResources/GamaCommonHeader.h";
				GCC_PREPROCESSOR_DEFINITIONS = "";
				IPHONEOS_DEPLOYMENT_TARGET = 9.0;
				ONLY_ACTIVE_ARCH = NO;
				OTHER_LDFLAGS = "-ObjC";
				PRODUCT_NAME = "$(TARGET_NAME)";
				SKIP_INSTALL = YES;
				VALID_ARCHS = "arm64 armv7 armv7s arm64e x86_64 i386";
			};
			name = Release;
		};
/* End XCBuildConfiguration section */

/* Begin XCConfigurationList section */
		35B0FE7E1A071680006F5435 /* Build configuration list for PBXAggregateTarget "GamaCoreFunc_Builder" */ = {
			isa = XCConfigurationList;
			buildConfigurations = (
				35B0FE7F1A071680006F5435 /* Debug */,
				35B0FE801A071680006F5435 /* Release */,
			);
			defaultConfigurationIsVisible = 0;
			defaultConfigurationName = Release;
		};
		35E17AA21A01EF9900F984ED /* Build configuration list for PBXProject "GamaCoreFunc" */ = {
			isa = XCConfigurationList;
			buildConfigurations = (
				35E17AC81A01EF9A00F984ED /* Debug */,
				35E17AC91A01EF9A00F984ED /* Release */,
			);
			defaultConfigurationIsVisible = 0;
			defaultConfigurationName = Release;
		};
		35E17ACA1A01EF9A00F984ED /* Build configuration list for PBXNativeTarget "GamaCoreFunc" */ = {
			isa = XCConfigurationList;
			buildConfigurations = (
				35E17ACB1A01EF9A00F984ED /* Debug */,
				35E17ACC1A01EF9A00F984ED /* Release */,
			);
			defaultConfigurationIsVisible = 0;
			defaultConfigurationName = Release;
		};
		35E17B641A03828700F984ED /* Build configuration list for PBXNativeTarget "GamaCoreFunc_DotA" */ = {
			isa = XCConfigurationList;
			buildConfigurations = (
				35E17B651A03828700F984ED /* Debug */,
				35E17B661A03828700F984ED /* Release */,
			);
			defaultConfigurationIsVisible = 0;
			defaultConfigurationName = Release;
		};
/* End XCConfigurationList section */
	};
	rootObject = 35E17A9F1A01EF9900F984ED /* Project object */;
}
